{
  "lockfileVersion": 1,
  "configVersion": 1,
  "workspaces": {
    "": {
      "name": "@dotfiles/quality",
      "dependencies": {
        "@ast-grep/napi": "0.33.1",
        "@effect/platform": "0.93.6",
        "@effect/platform-bun": "0.87.0",
        "@effect/platform-node": "0.103.0",
        "@types/js-yaml": "4.0.9",
        "effect": "3.19.9",
        "js-yaml": "4.1.1",
      },
      "devDependencies": {
        "@biomejs/biome": "2.3.8",
        "@playwright/test": "1.57.0",
        "@types/bun": "1.2.14",
        "oxlint": "1.35.0",
        "oxlint-tsgolint": "0.10.0",
        "typescript": "5.9.3",
        "vitest": "4.0.15",
      },
    },
  },
  "packages": {
    "@ast-grep/napi": ["@ast-grep/napi@0.33.1", "", { "optionalDependencies": { "@ast-grep/napi-darwin-arm64": "0.33.1", "@ast-grep/napi-darwin-x64": "0.33.1", "@ast-grep/napi-linux-arm64-gnu": "0.33.1", "@ast-grep/napi-linux-arm64-musl": "0.33.1", "@ast-grep/napi-linux-x64-gnu": "0.33.1", "@ast-grep/napi-linux-x64-musl": "0.33.1", "@ast-grep/napi-win32-arm64-msvc": "0.33.1", "@ast-grep/napi-win32-ia32-msvc": "0.33.1", "@ast-grep/napi-win32-x64-msvc": "0.33.1" } }, "sha512-AfUsqmEa8NoYq1QhY2LWKCgKRBrCW89WB2D7t4hhTwXcfBB+CWRtY11vUughpfGLrdyziPst7kpdFzI9TC9Efw=="],

    "@ast-grep/napi-darwin-arm64": ["@ast-grep/napi-darwin-arm64@0.33.1", "", { "os": "darwin", "cpu": "arm64" }, "sha512-HJcjxDhF1THn6VlUMpYFQoZBWWMk3flBJpLEDWLjH3Umk7/4tQvaJeKwhl32Snegj35p9SHGz1cS8D2k1nDsEg=="],

    "@ast-grep/napi-darwin-x64": ["@ast-grep/napi-darwin-x64@0.33.1", "", { "os": "darwin", "cpu": "x64" }, "sha512-Gu3dd+7RZcLyte/xwBX4ErT12GYgGeQGQh6743NffChyVnpwZpj2aWmdkD8gHRKswXz2dp5R01QMCV0G5o8rDQ=="],

    "@ast-grep/napi-linux-arm64-gnu": ["@ast-grep/napi-linux-arm64-gnu@0.33.1", "", { "os": "linux", "cpu": "arm64" }, "sha512-4rvHBtq/0Ziwr93Mp86GQPMMySNHCMXnSIdJqJjTikt/LhJNdxmXtEVadashwxbBGWvcIy8dL6OCBHblzY/3ZQ=="],

    "@ast-grep/napi-linux-arm64-musl": ["@ast-grep/napi-linux-arm64-musl@0.33.1", "", { "os": "linux", "cpu": "arm64" }, "sha512-+vTHYYP8iRG9lZHhcpQRxAuD8CBYXJHFXgsevmnurS/R53r0YjNtrtj6W33e7RYXY5hehmey2Cz/5h6OhdLcJw=="],

    "@ast-grep/napi-linux-x64-gnu": ["@ast-grep/napi-linux-x64-gnu@0.33.1", "", { "os": "linux", "cpu": "x64" }, "sha512-Qm42//ZHIi2XvyvHboRPaNt32v143feG2aCqxZ2qhKJCI33abtH8pW8MF90Ix85d927xYtTwZX/ovOmJ4bghFQ=="],

    "@ast-grep/napi-linux-x64-musl": ["@ast-grep/napi-linux-x64-musl@0.33.1", "", { "os": "linux", "cpu": "x64" }, "sha512-+ye9d8nwgi+f9yhA0NEv5lDcpfIF7xhCcF9FerIKpksX57oI68QWNz1bOWHOuebaf9Wc0hgEtfai7lzcDWcsnA=="],

    "@ast-grep/napi-win32-arm64-msvc": ["@ast-grep/napi-win32-arm64-msvc@0.33.1", "", { "os": "win32", "cpu": "arm64" }, "sha512-0IrPtvqMUJmvmbBN3JcAmUoKUxsWMmrp0VAoJ+zUBHcz3GeWDISgxrUcx1z6edMeF+Ktm0SUG2LfqrzFhUqMyw=="],

    "@ast-grep/napi-win32-ia32-msvc": ["@ast-grep/napi-win32-ia32-msvc@0.33.1", "", { "os": "win32", "cpu": "ia32" }, "sha512-rM6kK19Z9mknXQLZYvIGW1vR472n0dzhexWRM4O8BAL33B4NXA0qa7lX7I3ioHBTOUx0dGW10oNRm3yindUohg=="],

    "@ast-grep/napi-win32-x64-msvc": ["@ast-grep/napi-win32-x64-msvc@0.33.1", "", { "os": "win32", "cpu": "x64" }, "sha512-8ATNhuU28PoUBxSgsPQnPpY+rl8DPEQCuUS55X0BLAvNQwR+Tc4MHHHX1FwjQxLLSAPfd5weiG4XQA+l7sIr0w=="],

    "@biomejs/biome": ["@biomejs/biome@2.3.8", "", { "optionalDependencies": { "@biomejs/cli-darwin-arm64": "2.3.8", "@biomejs/cli-darwin-x64": "2.3.8", "@biomejs/cli-linux-arm64": "2.3.8", "@biomejs/cli-linux-arm64-musl": "2.3.8", "@biomejs/cli-linux-x64": "2.3.8", "@biomejs/cli-linux-x64-musl": "2.3.8", "@biomejs/cli-win32-arm64": "2.3.8", "@biomejs/cli-win32-x64": "2.3.8" }, "bin": { "biome": "bin/biome" } }, "sha512-Qjsgoe6FEBxWAUzwFGFrB+1+M8y/y5kwmg5CHac+GSVOdmOIqsAiXM5QMVGZJ1eCUCLlPZtq4aFAQ0eawEUuUA=="],

    "@biomejs/cli-darwin-arm64": ["@biomejs/cli-darwin-arm64@2.3.8", "", { "os": "darwin", "cpu": "arm64" }, "sha512-HM4Zg9CGQ3txTPflxD19n8MFPrmUAjaC7PQdLkugeeC0cQ+PiVrd7i09gaBS/11QKsTDBJhVg85CEIK9f50Qww=="],

    "@biomejs/cli-darwin-x64": ["@biomejs/cli-darwin-x64@2.3.8", "", { "os": "darwin", "cpu": "x64" }, "sha512-lUDQ03D7y/qEao7RgdjWVGCu+BLYadhKTm40HkpJIi6kn8LSv5PAwRlew/DmwP4YZ9ke9XXoTIQDO1vAnbRZlA=="],

    "@biomejs/cli-linux-arm64": ["@biomejs/cli-linux-arm64@2.3.8", "", { "os": "linux", "cpu": "arm64" }, "sha512-Uo1OJnIkJgSgF+USx970fsM/drtPcQ39I+JO+Fjsaa9ZdCN1oysQmy6oAGbyESlouz+rzEckLTF6DS7cWse95g=="],

    "@biomejs/cli-linux-arm64-musl": ["@biomejs/cli-linux-arm64-musl@2.3.8", "", { "os": "linux", "cpu": "arm64" }, "sha512-PShR4mM0sjksUMyxbyPNMxoKFPVF48fU8Qe8Sfx6w6F42verbwRLbz+QiKNiDPRJwUoMG1nPM50OBL3aOnTevA=="],

    "@biomejs/cli-linux-x64": ["@biomejs/cli-linux-x64@2.3.8", "", { "os": "linux", "cpu": "x64" }, "sha512-QDPMD5bQz6qOVb3kiBui0zKZXASLo0NIQ9JVJio5RveBEFgDgsvJFUvZIbMbUZT3T00M/1wdzwWXk4GIh0KaAw=="],

    "@biomejs/cli-linux-x64-musl": ["@biomejs/cli-linux-x64-musl@2.3.8", "", { "os": "linux", "cpu": "x64" }, "sha512-YGLkqU91r1276uwSjiUD/xaVikdxgV1QpsicT0bIA1TaieM6E5ibMZeSyjQ/izBn4tKQthUSsVZacmoJfa3pDA=="],

    "@biomejs/cli-win32-arm64": ["@biomejs/cli-win32-arm64@2.3.8", "", { "os": "win32", "cpu": "arm64" }, "sha512-H4IoCHvL1fXKDrTALeTKMiE7GGWFAraDwBYFquE/L/5r1927Te0mYIGseXi4F+lrrwhSWbSGt5qPFswNoBaCxg=="],

    "@biomejs/cli-win32-x64": ["@biomejs/cli-win32-x64@2.3.8", "", { "os": "win32", "cpu": "x64" }, "sha512-RguzimPoZWtBapfKhKjcWXBVI91tiSprqdBYu7tWhgN8pKRZhw24rFeNZTNf6UiBfjCYCi9eFQs/JzJZIhuK4w=="],

    "@effect/cluster": ["@effect/cluster@0.56.0", "", { "dependencies": { "kubernetes-types": "^1.30.0" }, "peerDependencies": { "@effect/platform": "^0.94.0", "@effect/rpc": "^0.73.0", "@effect/sql": "^0.49.0", "@effect/workflow": "^0.16.0", "effect": "^3.19.13" } }, "sha512-ovhsC8jQkgoHkelpGL/EQtoQsPXG9hj7DHVc7A9Vyzptd/DaCP+W1aQKlJrJoe2W+KI/CjrYN8H89M5xiL6FBg=="],

    "@effect/experimental": ["@effect/experimental@0.58.0", "", { "dependencies": { "uuid": "^11.0.3" }, "peerDependencies": { "@effect/platform": "^0.94.0", "effect": "^3.19.13", "ioredis": "^5", "lmdb": "^3" }, "optionalPeers": ["ioredis", "lmdb"] }, "sha512-IEP9sapjF6rFy5TkoqDPc86st/fnqUfjT7Xa3pWJrFGr1hzaMXHo+mWsYOZS9LAOVKnpHuVziDK97EP5qsCHVA=="],

    "@effect/platform": ["@effect/platform@0.93.6", "", { "dependencies": { "find-my-way-ts": "^0.1.6", "msgpackr": "^1.11.4", "multipasta": "^0.2.7" }, "peerDependencies": { "effect": "^3.19.8" } }, "sha512-I5lBGQWzWXP4zlIdPs7z7WHmEFVBQhn+74emr/h16GZX96EEJ6I1rjGaKyZF7mtukbMuo9wEckDPssM8vskZ/w=="],

    "@effect/platform-bun": ["@effect/platform-bun@0.87.0", "", { "dependencies": { "@effect/platform-node-shared": "^0.57.0", "multipasta": "^0.2.7" }, "peerDependencies": { "@effect/cluster": "^0.56.0", "@effect/platform": "^0.94.0", "@effect/rpc": "^0.73.0", "@effect/sql": "^0.49.0", "effect": "^3.19.13" } }, "sha512-O0WJXc5f4qTcdEXWQDb5JDT0b4qiSrrOovRiZ46O+c3ZdC6wkc7vuvmvI9L6gI3rNmDgPZtK+IkELH6P20dLXA=="],

    "@effect/platform-node": ["@effect/platform-node@0.103.0", "", { "dependencies": { "@effect/platform-node-shared": "^0.56.0", "mime": "^3.0.0", "undici": "^7.10.0", "ws": "^8.18.2" }, "peerDependencies": { "@effect/cluster": "^0.55.0", "@effect/platform": "^0.93.6", "@effect/rpc": "^0.72.2", "@effect/sql": "^0.48.6", "effect": "^3.19.8" } }, "sha512-N2JmOvHInHAC+JFdt+ME8/Pn9vdgBwYTTcqlSXkT+mBzq6fAKdwHkXHoFUMbk8bWtJGx70oezLLEetatjsveaA=="],

    "@effect/platform-node-shared": ["@effect/platform-node-shared@0.57.0", "", { "dependencies": { "@parcel/watcher": "^2.5.1", "multipasta": "^0.2.7", "ws": "^8.18.2" }, "peerDependencies": { "@effect/cluster": "^0.56.0", "@effect/platform": "^0.94.0", "@effect/rpc": "^0.73.0", "@effect/sql": "^0.49.0", "effect": "^3.19.13" } }, "sha512-QXuvmLNlABCQLcTl+lN1YPhKosR6KqArPYjC2reU0fb5lroCo3YRb/aGpXIgLthHzQL8cLU5XMGA3Cu5hKY2Tw=="],

    "@effect/rpc": ["@effect/rpc@0.73.0", "", { "dependencies": { "msgpackr": "^1.11.4" }, "peerDependencies": { "@effect/platform": "^0.94.0", "effect": "^3.19.13" } }, "sha512-iMPf6tTriz8sK0l5x4koFId8Hz5nFptHYg8WqyjHGIIVLTpZxuiSqhmXZG7FnAs5N2n6uCEws4wWGcIgXNUrFg=="],

    "@effect/sql": ["@effect/sql@0.49.0", "", { "dependencies": { "uuid": "^11.0.3" }, "peerDependencies": { "@effect/experimental": "^0.58.0", "@effect/platform": "^0.94.0", "effect": "^3.19.13" } }, "sha512-9UEKR+z+MrI/qMAmSvb/RiD9KlgIazjZUCDSpwNgm0lEK9/Q6ExEyfziiYFVCPiptp52cBw8uBHRic8hHnwqXA=="],

    "@effect/workflow": ["@effect/workflow@0.16.0", "", { "peerDependencies": { "@effect/experimental": "^0.58.0", "@effect/platform": "^0.94.0", "@effect/rpc": "^0.73.0", "effect": "^3.19.13" } }, "sha512-MiAdlxx3TixkgHdbw+Yf1Z3tHAAE0rOQga12kIydJqj05Fnod+W/I+kQGRMY/XWRg+QUsVxhmh1qTr7Ype6lrw=="],

    "@esbuild/aix-ppc64": ["@esbuild/aix-ppc64@0.27.2", "", { "os": "aix", "cpu": "ppc64" }, "sha512-GZMB+a0mOMZs4MpDbj8RJp4cw+w1WV5NYD6xzgvzUJ5Ek2jerwfO2eADyI6ExDSUED+1X8aMbegahsJi+8mgpw=="],

    "@esbuild/android-arm": ["@esbuild/android-arm@0.27.2", "", { "os": "android", "cpu": "arm" }, "sha512-DVNI8jlPa7Ujbr1yjU2PfUSRtAUZPG9I1RwW4F4xFB1Imiu2on0ADiI/c3td+KmDtVKNbi+nffGDQMfcIMkwIA=="],

    "@esbuild/android-arm64": ["@esbuild/android-arm64@0.27.2", "", { "os": "android", "cpu": "arm64" }, "sha512-pvz8ZZ7ot/RBphf8fv60ljmaoydPU12VuXHImtAs0XhLLw+EXBi2BLe3OYSBslR4rryHvweW5gmkKFwTiFy6KA=="],

    "@esbuild/android-x64": ["@esbuild/android-x64@0.27.2", "", { "os": "android", "cpu": "x64" }, "sha512-z8Ank4Byh4TJJOh4wpz8g2vDy75zFL0TlZlkUkEwYXuPSgX8yzep596n6mT7905kA9uHZsf/o2OJZubl2l3M7A=="],

    "@esbuild/darwin-arm64": ["@esbuild/darwin-arm64@0.27.2", "", { "os": "darwin", "cpu": "arm64" }, "sha512-davCD2Zc80nzDVRwXTcQP/28fiJbcOwvdolL0sOiOsbwBa72kegmVU0Wrh1MYrbuCL98Omp5dVhQFWRKR2ZAlg=="],

    "@esbuild/darwin-x64": ["@esbuild/darwin-x64@0.27.2", "", { "os": "darwin", "cpu": "x64" }, "sha512-ZxtijOmlQCBWGwbVmwOF/UCzuGIbUkqB1faQRf5akQmxRJ1ujusWsb3CVfk/9iZKr2L5SMU5wPBi1UWbvL+VQA=="],

    "@esbuild/freebsd-arm64": ["@esbuild/freebsd-arm64@0.27.2", "", { "os": "freebsd", "cpu": "arm64" }, "sha512-lS/9CN+rgqQ9czogxlMcBMGd+l8Q3Nj1MFQwBZJyoEKI50XGxwuzznYdwcav6lpOGv5BqaZXqvBSiB/kJ5op+g=="],

    "@esbuild/freebsd-x64": ["@esbuild/freebsd-x64@0.27.2", "", { "os": "freebsd", "cpu": "x64" }, "sha512-tAfqtNYb4YgPnJlEFu4c212HYjQWSO/w/h/lQaBK7RbwGIkBOuNKQI9tqWzx7Wtp7bTPaGC6MJvWI608P3wXYA=="],

    "@esbuild/linux-arm": ["@esbuild/linux-arm@0.27.2", "", { "os": "linux", "cpu": "arm" }, "sha512-vWfq4GaIMP9AIe4yj1ZUW18RDhx6EPQKjwe7n8BbIecFtCQG4CfHGaHuh7fdfq+y3LIA2vGS/o9ZBGVxIDi9hw=="],

    "@esbuild/linux-arm64": ["@esbuild/linux-arm64@0.27.2", "", { "os": "linux", "cpu": "arm64" }, "sha512-hYxN8pr66NsCCiRFkHUAsxylNOcAQaxSSkHMMjcpx0si13t1LHFphxJZUiGwojB1a/Hd5OiPIqDdXONia6bhTw=="],

    "@esbuild/linux-ia32": ["@esbuild/linux-ia32@0.27.2", "", { "os": "linux", "cpu": "ia32" }, "sha512-MJt5BRRSScPDwG2hLelYhAAKh9imjHK5+NE/tvnRLbIqUWa+0E9N4WNMjmp/kXXPHZGqPLxggwVhz7QP8CTR8w=="],

    "@esbuild/linux-loong64": ["@esbuild/linux-loong64@0.27.2", "", { "os": "linux", "cpu": "none" }, "sha512-lugyF1atnAT463aO6KPshVCJK5NgRnU4yb3FUumyVz+cGvZbontBgzeGFO1nF+dPueHD367a2ZXe1NtUkAjOtg=="],

    "@esbuild/linux-mips64el": ["@esbuild/linux-mips64el@0.27.2", "", { "os": "linux", "cpu": "none" }, "sha512-nlP2I6ArEBewvJ2gjrrkESEZkB5mIoaTswuqNFRv/WYd+ATtUpe9Y09RnJvgvdag7he0OWgEZWhviS1OTOKixw=="],

    "@esbuild/linux-ppc64": ["@esbuild/linux-ppc64@0.27.2", "", { "os": "linux", "cpu": "ppc64" }, "sha512-C92gnpey7tUQONqg1n6dKVbx3vphKtTHJaNG2Ok9lGwbZil6DrfyecMsp9CrmXGQJmZ7iiVXvvZH6Ml5hL6XdQ=="],

    "@esbuild/linux-riscv64": ["@esbuild/linux-riscv64@0.27.2", "", { "os": "linux", "cpu": "none" }, "sha512-B5BOmojNtUyN8AXlK0QJyvjEZkWwy/FKvakkTDCziX95AowLZKR6aCDhG7LeF7uMCXEJqwa8Bejz5LTPYm8AvA=="],

    "@esbuild/linux-s390x": ["@esbuild/linux-s390x@0.27.2", "", { "os": "linux", "cpu": "s390x" }, "sha512-p4bm9+wsPwup5Z8f4EpfN63qNagQ47Ua2znaqGH6bqLlmJ4bx97Y9JdqxgGZ6Y8xVTixUnEkoKSHcpRlDnNr5w=="],

    "@esbuild/linux-x64": ["@esbuild/linux-x64@0.27.2", "", { "os": "linux", "cpu": "x64" }, "sha512-uwp2Tip5aPmH+NRUwTcfLb+W32WXjpFejTIOWZFw/v7/KnpCDKG66u4DLcurQpiYTiYwQ9B7KOeMJvLCu/OvbA=="],

    "@esbuild/netbsd-arm64": ["@esbuild/netbsd-arm64@0.27.2", "", { "os": "none", "cpu": "arm64" }, "sha512-Kj6DiBlwXrPsCRDeRvGAUb/LNrBASrfqAIok+xB0LxK8CHqxZ037viF13ugfsIpePH93mX7xfJp97cyDuTZ3cw=="],

    "@esbuild/netbsd-x64": ["@esbuild/netbsd-x64@0.27.2", "", { "os": "none", "cpu": "x64" }, "sha512-HwGDZ0VLVBY3Y+Nw0JexZy9o/nUAWq9MlV7cahpaXKW6TOzfVno3y3/M8Ga8u8Yr7GldLOov27xiCnqRZf0tCA=="],

    "@esbuild/openbsd-arm64": ["@esbuild/openbsd-arm64@0.27.2", "", { "os": "openbsd", "cpu": "arm64" }, "sha512-DNIHH2BPQ5551A7oSHD0CKbwIA/Ox7+78/AWkbS5QoRzaqlev2uFayfSxq68EkonB+IKjiuxBFoV8ESJy8bOHA=="],

    "@esbuild/openbsd-x64": ["@esbuild/openbsd-x64@0.27.2", "", { "os": "openbsd", "cpu": "x64" }, "sha512-/it7w9Nb7+0KFIzjalNJVR5bOzA9Vay+yIPLVHfIQYG/j+j9VTH84aNB8ExGKPU4AzfaEvN9/V4HV+F+vo8OEg=="],

    "@esbuild/openharmony-arm64": ["@esbuild/openharmony-arm64@0.27.2", "", { "os": "none", "cpu": "arm64" }, "sha512-LRBbCmiU51IXfeXk59csuX/aSaToeG7w48nMwA6049Y4J4+VbWALAuXcs+qcD04rHDuSCSRKdmY63sruDS5qag=="],

    "@esbuild/sunos-x64": ["@esbuild/sunos-x64@0.27.2", "", { "os": "sunos", "cpu": "x64" }, "sha512-kMtx1yqJHTmqaqHPAzKCAkDaKsffmXkPHThSfRwZGyuqyIeBvf08KSsYXl+abf5HDAPMJIPnbBfXvP2ZC2TfHg=="],

    "@esbuild/win32-arm64": ["@esbuild/win32-arm64@0.27.2", "", { "os": "win32", "cpu": "arm64" }, "sha512-Yaf78O/B3Kkh+nKABUF++bvJv5Ijoy9AN1ww904rOXZFLWVc5OLOfL56W+C8F9xn5JQZa3UX6m+IktJnIb1Jjg=="],

    "@esbuild/win32-ia32": ["@esbuild/win32-ia32@0.27.2", "", { "os": "win32", "cpu": "ia32" }, "sha512-Iuws0kxo4yusk7sw70Xa2E2imZU5HoixzxfGCdxwBdhiDgt9vX9VUCBhqcwY7/uh//78A1hMkkROMJq9l27oLQ=="],

    "@esbuild/win32-x64": ["@esbuild/win32-x64@0.27.2", "", { "os": "win32", "cpu": "x64" }, "sha512-sRdU18mcKf7F+YgheI/zGf5alZatMUTKj/jNS6l744f9u3WFu4v7twcUI9vu4mknF4Y9aDlblIie0IM+5xxaqQ=="],

    "@jridgewell/sourcemap-codec": ["@jridgewell/sourcemap-codec@1.5.5", "", {}, "sha512-cYQ9310grqxueWbl+WuIUIaiUaDcj7WOq5fVhEljNVgRfOUhY9fy2zTvfoqWsnebh8Sl70VScFbICvJnLKB0Og=="],

    "@msgpackr-extract/msgpackr-extract-darwin-arm64": ["@msgpackr-extract/msgpackr-extract-darwin-arm64@3.0.3", "", { "os": "darwin", "cpu": "arm64" }, "sha512-QZHtlVgbAdy2zAqNA9Gu1UpIuI8Xvsd1v8ic6B2pZmeFnFcMWiPLfWXh7TVw4eGEZ/C9TH281KwhVoeQUKbyjw=="],

    "@msgpackr-extract/msgpackr-extract-darwin-x64": ["@msgpackr-extract/msgpackr-extract-darwin-x64@3.0.3", "", { "os": "darwin", "cpu": "x64" }, "sha512-mdzd3AVzYKuUmiWOQ8GNhl64/IoFGol569zNRdkLReh6LRLHOXxU4U8eq0JwaD8iFHdVGqSy4IjFL4reoWCDFw=="],

    "@msgpackr-extract/msgpackr-extract-linux-arm": ["@msgpackr-extract/msgpackr-extract-linux-arm@3.0.3", "", { "os": "linux", "cpu": "arm" }, "sha512-fg0uy/dG/nZEXfYilKoRe7yALaNmHoYeIoJuJ7KJ+YyU2bvY8vPv27f7UKhGRpY6euFYqEVhxCFZgAUNQBM3nw=="],

    "@msgpackr-extract/msgpackr-extract-linux-arm64": ["@msgpackr-extract/msgpackr-extract-linux-arm64@3.0.3", "", { "os": "linux", "cpu": "arm64" }, "sha512-YxQL+ax0XqBJDZiKimS2XQaf+2wDGVa1enVRGzEvLLVFeqa5kx2bWbtcSXgsxjQB7nRqqIGFIcLteF/sHeVtQg=="],

    "@msgpackr-extract/msgpackr-extract-linux-x64": ["@msgpackr-extract/msgpackr-extract-linux-x64@3.0.3", "", { "os": "linux", "cpu": "x64" }, "sha512-cvwNfbP07pKUfq1uH+S6KJ7dT9K8WOE4ZiAcsrSes+UY55E/0jLYc+vq+DO7jlmqRb5zAggExKm0H7O/CBaesg=="],

    "@msgpackr-extract/msgpackr-extract-win32-x64": ["@msgpackr-extract/msgpackr-extract-win32-x64@3.0.3", "", { "os": "win32", "cpu": "x64" }, "sha512-x0fWaQtYp4E6sktbsdAqnehxDgEc/VwM7uLsRCYWaiGu0ykYdZPiS8zCWdnjHwyiumousxfBm4SO31eXqwEZhQ=="],

    "@oxlint-tsgolint/darwin-arm64": ["@oxlint-tsgolint/darwin-arm64@0.10.0", "", { "os": "darwin", "cpu": "arm64" }, "sha512-mhBF/pjey0UdLL1ocU46Fqta+uJuRfqrLfDpcViRg17BtDiUNd8JY9iN2FOoS2HGSCAgCUjZ0AZkwkHwFs/VTw=="],

    "@oxlint-tsgolint/darwin-x64": ["@oxlint-tsgolint/darwin-x64@0.10.0", "", { "os": "darwin", "cpu": "x64" }, "sha512-roLi34mw/i1z+NS7luboix55SXyhVv38dNUTcRDkk+0lNPzI9ngrM+1y1N2oBSUmz5o9OZGnfJJ7BSGCw/fFEQ=="],

    "@oxlint-tsgolint/linux-arm64": ["@oxlint-tsgolint/linux-arm64@0.10.0", "", { "os": "linux", "cpu": "arm64" }, "sha512-HL9NThPH1V2F6l9XhwNmhQZUknN4m4yQYEvQFFGfZTYN6cvEEBIiqfF4KvBUg8c0xadMbQlW+Ug7/ybA9Nn+CA=="],

    "@oxlint-tsgolint/linux-x64": ["@oxlint-tsgolint/linux-x64@0.10.0", "", { "os": "linux", "cpu": "x64" }, "sha512-Tw8QNq8ab+4+qE5krvJyMA66v6XE3GoiISRD5WmJ7YOxUnu//jSw/bBm7OYf/TNEZyeV0BTR7zXzhT5R+VFWlQ=="],

    "@oxlint-tsgolint/win32-arm64": ["@oxlint-tsgolint/win32-arm64@0.10.0", "", { "os": "win32", "cpu": "arm64" }, "sha512-LTogmTRwpwQqVaH1Ama8Wd5/VVZWBSF8v5qTbeT628+1F5Kt1V5eHBvyFh4oN18UCZlgqrh7DqkDhsieXUaC8Q=="],

    "@oxlint-tsgolint/win32-x64": ["@oxlint-tsgolint/win32-x64@0.10.0", "", { "os": "win32", "cpu": "x64" }, "sha512-ygqxx8EmNWy9/wCQS5uXq9k/o2EyYNwNxY1ZHNzlmZC/kV06Aemx5OBDafefawBNqH7xTZPfccUrjdiy+QlTrw=="],

    "@oxlint/darwin-arm64": ["@oxlint/darwin-arm64@1.35.0", "", { "os": "darwin", "cpu": "arm64" }, "sha512-ieiYVHkNZPo77Hgrxav595wGS4rRNKuDNrljf+4xhwpJsddrxMpM64IQUf2IvR3MhK4FxdGzhhB6OVmGVHY5/w=="],

    "@oxlint/darwin-x64": ["@oxlint/darwin-x64@1.35.0", "", { "os": "darwin", "cpu": "x64" }, "sha512-1jNHu3j66X5jKySvgtE+jGtjx4ye+xioAucVTi2IuROZO6keK2YG74pnD+9FT+DpWZAtWRZGoW0r0x6aN9sEEg=="],

    "@oxlint/linux-arm64-gnu": ["@oxlint/linux-arm64-gnu@1.35.0", "", { "os": "linux", "cpu": "arm64" }, "sha512-T1lc0UaYbTxZyqVpLfC7eipbauNG8pBpkaZEW4JGz8Y68rxTH7d9s+CF0zxUxNr5RCtcmT669RLVjQT7VrKVLg=="],

    "@oxlint/linux-arm64-musl": ["@oxlint/linux-arm64-musl@1.35.0", "", { "os": "linux", "cpu": "arm64" }, "sha512-7Wv5Pke9kwWKFycUziSHsmi3EM0389TLzraB0KE/MArrKxx30ycwfJ5PYoMj9ERoW+Ybs0txdaOF/xJy/XyYkg=="],

    "@oxlint/linux-x64-gnu": ["@oxlint/linux-x64-gnu@1.35.0", "", { "os": "linux", "cpu": "x64" }, "sha512-HDMPOzyVVy+rQl3H7UOq8oGHt7m1yaiWCanlhAu4jciK8dvXeO9OG/OQd74lD/h05IcJh93pCLEJ3wWOG8hTiQ=="],

    "@oxlint/linux-x64-musl": ["@oxlint/linux-x64-musl@1.35.0", "", { "os": "linux", "cpu": "x64" }, "sha512-kAPBBsUOM3HQQ6n3nnZauvFR9EoXqCSoj4O3OSXXarzsRTiItNrHabVUwxeswZEc+xMzQNR0FHEWg/d4QAAWLw=="],

    "@oxlint/win32-arm64": ["@oxlint/win32-arm64@1.35.0", "", { "os": "win32", "cpu": "arm64" }, "sha512-qrpBkkOASS0WT8ra9xmBRXOEliN6D/MV9JhI/68lFHrtLhfFuRwg4AjzjxrCWrQCnQ0WkvAVpJzu73F4ICLYZw=="],

    "@oxlint/win32-x64": ["@oxlint/win32-x64@1.35.0", "", { "os": "win32", "cpu": "x64" }, "sha512-yPFcj6umrhusnG/kMS5wh96vblsqZ0kArQJS+7kEOSJDrH+DsFWaDCsSRF8U6gmSmZJ26KVMU3C3TMpqDN4M1g=="],

    "@parcel/watcher": ["@parcel/watcher@2.5.1", "", { "dependencies": { "detect-libc": "^1.0.3", "is-glob": "^4.0.3", "micromatch": "^4.0.5", "node-addon-api": "^7.0.0" }, "optionalDependencies": { "@parcel/watcher-android-arm64": "2.5.1", "@parcel/watcher-darwin-arm64": "2.5.1", "@parcel/watcher-darwin-x64": "2.5.1", "@parcel/watcher-freebsd-x64": "2.5.1", "@parcel/watcher-linux-arm-glibc": "2.5.1", "@parcel/watcher-linux-arm-musl": "2.5.1", "@parcel/watcher-linux-arm64-glibc": "2.5.1", "@parcel/watcher-linux-arm64-musl": "2.5.1", "@parcel/watcher-linux-x64-glibc": "2.5.1", "@parcel/watcher-linux-x64-musl": "2.5.1", "@parcel/watcher-win32-arm64": "2.5.1", "@parcel/watcher-win32-ia32": "2.5.1", "@parcel/watcher-win32-x64": "2.5.1" } }, "sha512-dfUnCxiN9H4ap84DvD2ubjw+3vUNpstxa0TneY/Paat8a3R4uQZDLSvWjmznAY/DoahqTHl9V46HF/Zs3F29pg=="],

    "@parcel/watcher-android-arm64": ["@parcel/watcher-android-arm64@2.5.1", "", { "os": "android", "cpu": "arm64" }, "sha512-KF8+j9nNbUN8vzOFDpRMsaKBHZ/mcjEjMToVMJOhTozkDonQFFrRcfdLWn6yWKCmJKmdVxSgHiYvTCef4/qcBA=="],

    "@parcel/watcher-darwin-arm64": ["@parcel/watcher-darwin-arm64@2.5.1", "", { "os": "darwin", "cpu": "arm64" }, "sha512-eAzPv5osDmZyBhou8PoF4i6RQXAfeKL9tjb3QzYuccXFMQU0ruIc/POh30ePnaOyD1UXdlKguHBmsTs53tVoPw=="],

    "@parcel/watcher-darwin-x64": ["@parcel/watcher-darwin-x64@2.5.1", "", { "os": "darwin", "cpu": "x64" }, "sha512-1ZXDthrnNmwv10A0/3AJNZ9JGlzrF82i3gNQcWOzd7nJ8aj+ILyW1MTxVk35Db0u91oD5Nlk9MBiujMlwmeXZg=="],

    "@parcel/watcher-freebsd-x64": ["@parcel/watcher-freebsd-x64@2.5.1", "", { "os": "freebsd", "cpu": "x64" }, "sha512-SI4eljM7Flp9yPuKi8W0ird8TI/JK6CSxju3NojVI6BjHsTyK7zxA9urjVjEKJ5MBYC+bLmMcbAWlZ+rFkLpJQ=="],

    "@parcel/watcher-linux-arm-glibc": ["@parcel/watcher-linux-arm-glibc@2.5.1", "", { "os": "linux", "cpu": "arm" }, "sha512-RCdZlEyTs8geyBkkcnPWvtXLY44BCeZKmGYRtSgtwwnHR4dxfHRG3gR99XdMEdQ7KeiDdasJwwvNSF5jKtDwdA=="],

    "@parcel/watcher-linux-arm-musl": ["@parcel/watcher-linux-arm-musl@2.5.1", "", { "os": "linux", "cpu": "arm" }, "sha512-6E+m/Mm1t1yhB8X412stiKFG3XykmgdIOqhjWj+VL8oHkKABfu/gjFj8DvLrYVHSBNC+/u5PeNrujiSQ1zwd1Q=="],

    "@parcel/watcher-linux-arm64-glibc": ["@parcel/watcher-linux-arm64-glibc@2.5.1", "", { "os": "linux", "cpu": "arm64" }, "sha512-LrGp+f02yU3BN9A+DGuY3v3bmnFUggAITBGriZHUREfNEzZh/GO06FF5u2kx8x+GBEUYfyTGamol4j3m9ANe8w=="],

    "@parcel/watcher-linux-arm64-musl": ["@parcel/watcher-linux-arm64-musl@2.5.1", "", { "os": "linux", "cpu": "arm64" }, "sha512-cFOjABi92pMYRXS7AcQv9/M1YuKRw8SZniCDw0ssQb/noPkRzA+HBDkwmyOJYp5wXcsTrhxO0zq1U11cK9jsFg=="],

    "@parcel/watcher-linux-x64-glibc": ["@parcel/watcher-linux-x64-glibc@2.5.1", "", { "os": "linux", "cpu": "x64" }, "sha512-GcESn8NZySmfwlTsIur+49yDqSny2IhPeZfXunQi48DMugKeZ7uy1FX83pO0X22sHntJ4Ub+9k34XQCX+oHt2A=="],

    "@parcel/watcher-linux-x64-musl": ["@parcel/watcher-linux-x64-musl@2.5.1", "", { "os": "linux", "cpu": "x64" }, "sha512-n0E2EQbatQ3bXhcH2D1XIAANAcTZkQICBPVaxMeaCVBtOpBZpWJuf7LwyWPSBDITb7In8mqQgJ7gH8CILCURXg=="],

    "@parcel/watcher-win32-arm64": ["@parcel/watcher-win32-arm64@2.5.1", "", { "os": "win32", "cpu": "arm64" }, "sha512-RFzklRvmc3PkjKjry3hLF9wD7ppR4AKcWNzH7kXR7GUe0Igb3Nz8fyPwtZCSquGrhU5HhUNDr/mKBqj7tqA2Vw=="],

    "@parcel/watcher-win32-ia32": ["@parcel/watcher-win32-ia32@2.5.1", "", { "os": "win32", "cpu": "ia32" }, "sha512-c2KkcVN+NJmuA7CGlaGD1qJh1cLfDnQsHjE89E60vUEMlqduHGCdCLJCID5geFVM0dOtA3ZiIO8BoEQmzQVfpQ=="],

    "@parcel/watcher-win32-x64": ["@parcel/watcher-win32-x64@2.5.1", "", { "os": "win32", "cpu": "x64" }, "sha512-9lHBdJITeNR++EvSQVUcaZoWupyHfXe1jZvGZ06O/5MflPcuPLtEphScIBL+AiCWBO46tDSHzWyD0uDmmZqsgA=="],

    "@playwright/test": ["@playwright/test@1.57.0", "", { "dependencies": { "playwright": "1.57.0" }, "bin": { "playwright": "cli.js" } }, "sha512-6TyEnHgd6SArQO8UO2OMTxshln3QMWBtPGrOCgs3wVEmQmwyuNtB10IZMfmYDE0riwNR1cu4q+pPcxMVtaG3TA=="],

    "@rollup/rollup-android-arm-eabi": ["@rollup/rollup-android-arm-eabi@4.54.0", "", { "os": "android", "cpu": "arm" }, "sha512-OywsdRHrFvCdvsewAInDKCNyR3laPA2mc9bRYJ6LBp5IyvF3fvXbbNR0bSzHlZVFtn6E0xw2oZlyjg4rKCVcng=="],

    "@rollup/rollup-android-arm64": ["@rollup/rollup-android-arm64@4.54.0", "", { "os": "android", "cpu": "arm64" }, "sha512-Skx39Uv+u7H224Af+bDgNinitlmHyQX1K/atIA32JP3JQw6hVODX5tkbi2zof/E69M1qH2UoN3Xdxgs90mmNYw=="],

    "@rollup/rollup-darwin-arm64": ["@rollup/rollup-darwin-arm64@4.54.0", "", { "os": "darwin", "cpu": "arm64" }, "sha512-k43D4qta/+6Fq+nCDhhv9yP2HdeKeP56QrUUTW7E6PhZP1US6NDqpJj4MY0jBHlJivVJD5P8NxrjuobZBJTCRw=="],

    "@rollup/rollup-darwin-x64": ["@rollup/rollup-darwin-x64@4.54.0", "", { "os": "darwin", "cpu": "x64" }, "sha512-cOo7biqwkpawslEfox5Vs8/qj83M/aZCSSNIWpVzfU2CYHa2G3P1UN5WF01RdTHSgCkri7XOlTdtk17BezlV3A=="],

    "@rollup/rollup-freebsd-arm64": ["@rollup/rollup-freebsd-arm64@4.54.0", "", { "os": "freebsd", "cpu": "arm64" }, "sha512-miSvuFkmvFbgJ1BevMa4CPCFt5MPGw094knM64W9I0giUIMMmRYcGW/JWZDriaw/k1kOBtsWh1z6nIFV1vPNtA=="],

    "@rollup/rollup-freebsd-x64": ["@rollup/rollup-freebsd-x64@4.54.0", "", { "os": "freebsd", "cpu": "x64" }, "sha512-KGXIs55+b/ZfZsq9aR026tmr/+7tq6VG6MsnrvF4H8VhwflTIuYh+LFUlIsRdQSgrgmtM3fVATzEAj4hBQlaqQ=="],

    "@rollup/rollup-linux-arm-gnueabihf": ["@rollup/rollup-linux-arm-gnueabihf@4.54.0", "", { "os": "linux", "cpu": "arm" }, "sha512-EHMUcDwhtdRGlXZsGSIuXSYwD5kOT9NVnx9sqzYiwAc91wfYOE1g1djOEDseZJKKqtHAHGwnGPQu3kytmfaXLQ=="],

    "@rollup/rollup-linux-arm-musleabihf": ["@rollup/rollup-linux-arm-musleabihf@4.54.0", "", { "os": "linux", "cpu": "arm" }, "sha512-+pBrqEjaakN2ySv5RVrj/qLytYhPKEUwk+e3SFU5jTLHIcAtqh2rLrd/OkbNuHJpsBgxsD8ccJt5ga/SeG0JmA=="],

    "@rollup/rollup-linux-arm64-gnu": ["@rollup/rollup-linux-arm64-gnu@4.54.0", "", { "os": "linux", "cpu": "arm64" }, "sha512-NSqc7rE9wuUaRBsBp5ckQ5CVz5aIRKCwsoa6WMF7G01sX3/qHUw/z4pv+D+ahL1EIKy6Enpcnz1RY8pf7bjwng=="],

    "@rollup/rollup-linux-arm64-musl": ["@rollup/rollup-linux-arm64-musl@4.54.0", "", { "os": "linux", "cpu": "arm64" }, "sha512-gr5vDbg3Bakga5kbdpqx81m2n9IX8M6gIMlQQIXiLTNeQW6CucvuInJ91EuCJ/JYvc+rcLLsDFcfAD1K7fMofg=="],

    "@rollup/rollup-linux-loong64-gnu": ["@rollup/rollup-linux-loong64-gnu@4.54.0", "", { "os": "linux", "cpu": "none" }, "sha512-gsrtB1NA3ZYj2vq0Rzkylo9ylCtW/PhpLEivlgWe0bpgtX5+9j9EZa0wtZiCjgu6zmSeZWyI/e2YRX1URozpIw=="],

    "@rollup/rollup-linux-ppc64-gnu": ["@rollup/rollup-linux-ppc64-gnu@4.54.0", "", { "os": "linux", "cpu": "ppc64" }, "sha512-y3qNOfTBStmFNq+t4s7Tmc9hW2ENtPg8FeUD/VShI7rKxNW7O4fFeaYbMsd3tpFlIg1Q8IapFgy7Q9i2BqeBvA=="],

    "@rollup/rollup-linux-riscv64-gnu": ["@rollup/rollup-linux-riscv64-gnu@4.54.0", "", { "os": "linux", "cpu": "none" }, "sha512-89sepv7h2lIVPsFma8iwmccN7Yjjtgz0Rj/Ou6fEqg3HDhpCa+Et+YSufy27i6b0Wav69Qv4WBNl3Rs6pwhebQ=="],

    "@rollup/rollup-linux-riscv64-musl": ["@rollup/rollup-linux-riscv64-musl@4.54.0", "", { "os": "linux", "cpu": "none" }, "sha512-ZcU77ieh0M2Q8Ur7D5X7KvK+UxbXeDHwiOt/CPSBTI1fBmeDMivW0dPkdqkT4rOgDjrDDBUed9x4EgraIKoR2A=="],

    "@rollup/rollup-linux-s390x-gnu": ["@rollup/rollup-linux-s390x-gnu@4.54.0", "", { "os": "linux", "cpu": "s390x" }, "sha512-2AdWy5RdDF5+4YfG/YesGDDtbyJlC9LHmL6rZw6FurBJ5n4vFGupsOBGfwMRjBYH7qRQowT8D/U4LoSvVwOhSQ=="],

    "@rollup/rollup-linux-x64-gnu": ["@rollup/rollup-linux-x64-gnu@4.54.0", "", { "os": "linux", "cpu": "x64" }, "sha512-WGt5J8Ij/rvyqpFexxk3ffKqqbLf9AqrTBbWDk7ApGUzaIs6V+s2s84kAxklFwmMF/vBNGrVdYgbblCOFFezMQ=="],

    "@rollup/rollup-linux-x64-musl": ["@rollup/rollup-linux-x64-musl@4.54.0", "", { "os": "linux", "cpu": "x64" }, "sha512-JzQmb38ATzHjxlPHuTH6tE7ojnMKM2kYNzt44LO/jJi8BpceEC8QuXYA908n8r3CNuG/B3BV8VR3Hi1rYtmPiw=="],

    "@rollup/rollup-openharmony-arm64": ["@rollup/rollup-openharmony-arm64@4.54.0", "", { "os": "none", "cpu": "arm64" }, "sha512-huT3fd0iC7jigGh7n3q/+lfPcXxBi+om/Rs3yiFxjvSxbSB6aohDFXbWvlspaqjeOh+hx7DDHS+5Es5qRkWkZg=="],

    "@rollup/rollup-win32-arm64-msvc": ["@rollup/rollup-win32-arm64-msvc@4.54.0", "", { "os": "win32", "cpu": "arm64" }, "sha512-c2V0W1bsKIKfbLMBu/WGBz6Yci8nJ/ZJdheE0EwB73N3MvHYKiKGs3mVilX4Gs70eGeDaMqEob25Tw2Gb9Nqyw=="],

    "@rollup/rollup-win32-ia32-msvc": ["@rollup/rollup-win32-ia32-msvc@4.54.0", "", { "os": "win32", "cpu": "ia32" }, "sha512-woEHgqQqDCkAzrDhvDipnSirm5vxUXtSKDYTVpZG3nUdW/VVB5VdCYA2iReSj/u3yCZzXID4kuKG7OynPnB3WQ=="],

    "@rollup/rollup-win32-x64-gnu": ["@rollup/rollup-win32-x64-gnu@4.54.0", "", { "os": "win32", "cpu": "x64" }, "sha512-dzAc53LOuFvHwbCEOS0rPbXp6SIhAf2txMP5p6mGyOXXw5mWY8NGGbPMPrs4P1WItkfApDathBj/NzMLUZ9rtQ=="],

    "@rollup/rollup-win32-x64-msvc": ["@rollup/rollup-win32-x64-msvc@4.54.0", "", { "os": "win32", "cpu": "x64" }, "sha512-hYT5d3YNdSh3mbCU1gwQyPgQd3T2ne0A3KG8KSBdav5TiBg6eInVmV+TeR5uHufiIgSFg0XsOWGW5/RhNcSvPg=="],

    "@standard-schema/spec": ["@standard-schema/spec@1.1.0", "", {}, "sha512-l2aFy5jALhniG5HgqrD6jXLi/rUWrKvqN/qJx6yoJsgKhblVd+iqqU4RCXavm/jPityDo5TCvKMnpjKnOriy0w=="],

    "@types/bun": ["@types/bun@1.2.14", "", { "dependencies": { "bun-types": "1.2.14" } }, "sha512-VsFZKs8oKHzI7zwvECiAJ5oSorWndIWEVhfbYqZd4HI/45kzW7PN2Rr5biAzvGvRuNmYLSANY+H59ubHq8xw7Q=="],

    "@types/chai": ["@types/chai@5.2.3", "", { "dependencies": { "@types/deep-eql": "*", "assertion-error": "^2.0.1" } }, "sha512-Mw558oeA9fFbv65/y4mHtXDs9bPnFMZAL/jxdPFUpOHHIXX91mcgEHbS5Lahr+pwZFR8A7GQleRWeI6cGFC2UA=="],

    "@types/deep-eql": ["@types/deep-eql@4.0.2", "", {}, "sha512-c9h9dVVMigMPc4bwTvC5dxqtqJZwQPePsWjPlpSOnojbor6pGqdk541lfA7AqFQr5pB1BRdq0juY9db81BwyFw=="],

    "@types/estree": ["@types/estree@1.0.8", "", {}, "sha512-dWHzHa2WqEXI/O1E9OjrocMTKJl2mSrEolh1Iomrv6U+JuNwaHXsXx9bLu5gG7BUWFIN0skIQJQ/L1rIex4X6w=="],

    "@types/js-yaml": ["@types/js-yaml@4.0.9", "", {}, "sha512-k4MGaQl5TGo/iipqb2UDG2UwjXziSWkh0uysQelTlJpX1qGlpUZYm8PnO4DxG1qBomtJUdYJ6qR6xdIah10JLg=="],

    "@types/node": ["@types/node@25.0.3", "", { "dependencies": { "undici-types": "~7.16.0" } }, "sha512-W609buLVRVmeW693xKfzHeIV6nJGGz98uCPfeXI1ELMLXVeKYZ9m15fAMSaUPBHYLGFsVRcMmSCksQOrZV9BYA=="],

    "@vitest/expect": ["@vitest/expect@4.0.15", "", { "dependencies": { "@standard-schema/spec": "^1.0.0", "@types/chai": "^5.2.2", "@vitest/spy": "4.0.15", "@vitest/utils": "4.0.15", "chai": "^6.2.1", "tinyrainbow": "^3.0.3" } }, "sha512-Gfyva9/GxPAWXIWjyGDli9O+waHDC0Q0jaLdFP1qPAUUfo1FEXPXUfUkp3eZA0sSq340vPycSyOlYUeM15Ft1w=="],

    "@vitest/mocker": ["@vitest/mocker@4.0.15", "", { "dependencies": { "@vitest/spy": "4.0.15", "estree-walker": "^3.0.3", "magic-string": "^0.30.21" }, "peerDependencies": { "msw": "^2.4.9", "vite": "^6.0.0 || ^7.0.0-0" }, "optionalPeers": ["msw", "vite"] }, "sha512-CZ28GLfOEIFkvCFngN8Sfx5h+Se0zN+h4B7yOsPVCcgtiO7t5jt9xQh2E1UkFep+eb9fjyMfuC5gBypwb07fvQ=="],

    "@vitest/pretty-format": ["@vitest/pretty-format@4.0.15", "", { "dependencies": { "tinyrainbow": "^3.0.3" } }, "sha512-SWdqR8vEv83WtZcrfLNqlqeQXlQLh2iilO1Wk1gv4eiHKjEzvgHb2OVc3mIPyhZE6F+CtfYjNlDJwP5MN6Km7A=="],

    "@vitest/runner": ["@vitest/runner@4.0.15", "", { "dependencies": { "@vitest/utils": "4.0.15", "pathe": "^2.0.3" } }, "sha512-+A+yMY8dGixUhHmNdPUxOh0la6uVzun86vAbuMT3hIDxMrAOmn5ILBHm8ajrqHE0t8R9T1dGnde1A5DTnmi3qw=="],

    "@vitest/snapshot": ["@vitest/snapshot@4.0.15", "", { "dependencies": { "@vitest/pretty-format": "4.0.15", "magic-string": "^0.30.21", "pathe": "^2.0.3" } }, "sha512-A7Ob8EdFZJIBjLjeO0DZF4lqR6U7Ydi5/5LIZ0xcI+23lYlsYJAfGn8PrIWTYdZQRNnSRlzhg0zyGu37mVdy5g=="],

    "@vitest/spy": ["@vitest/spy@4.0.15", "", {}, "sha512-+EIjOJmnY6mIfdXtE/bnozKEvTC4Uczg19yeZ2vtCz5Yyb0QQ31QWVQ8hswJ3Ysx/K2EqaNsVanjr//2+P3FHw=="],

    "@vitest/utils": ["@vitest/utils@4.0.15", "", { "dependencies": { "@vitest/pretty-format": "4.0.15", "tinyrainbow": "^3.0.3" } }, "sha512-HXjPW2w5dxhTD0dLwtYHDnelK3j8sR8cWIaLxr22evTyY6q8pRCjZSmhRWVjBaOVXChQd6AwMzi9pucorXCPZA=="],

    "argparse": ["argparse@2.0.1", "", {}, "sha512-8+9WqebbFzpX9OR+Wa6O29asIogeRMzcGtAINdpMHHyAg10f05aSFVBbcEqGf/PXw1EjAZ+q2/bEBg3DvurK3Q=="],

    "assertion-error": ["assertion-error@2.0.1", "", {}, "sha512-Izi8RQcffqCeNVgFigKli1ssklIbpHnCYc6AknXGYoB6grJqyeby7jv12JUQgmTAnIDnbck1uxksT4dzN3PWBA=="],

    "braces": ["braces@3.0.3", "", { "dependencies": { "fill-range": "^7.1.1" } }, "sha512-yQbXgO/OSZVD2IsiLlro+7Hf6Q18EJrKSEsdoMzKePKXct3gvD8oLcOQdIzGupr5Fj+EDe8gO/lxc1BzfMpxvA=="],

    "bun-types": ["bun-types@1.2.14", "", { "dependencies": { "@types/node": "*" } }, "sha512-Kuh4Ub28ucMRWeiUUWMHsT9Wcbr4H3kLIO72RZZElSDxSu7vpetRvxIUDUaW6QtaIeixIpm7OXtNnZPf82EzwA=="],

    "chai": ["chai@6.2.1", "", {}, "sha512-p4Z49OGG5W/WBCPSS/dH3jQ73kD6tiMmUM+bckNK6Jr5JHMG3k9bg/BvKR8lKmtVBKmOiuVaV2ws8s9oSbwysg=="],

    "detect-libc": ["detect-libc@1.0.3", "", { "bin": { "detect-libc": "./bin/detect-libc.js" } }, "sha512-pGjwhsmsp4kL2RTz08wcOlGN83otlqHeD/Z5T8GXZB+/YcpQ/dgo+lbU8ZsGxV0HIvqqxo9l7mqYwyYMD9bKDg=="],

    "effect": ["effect@3.19.9", "", { "dependencies": { "@standard-schema/spec": "^1.0.0", "fast-check": "^3.23.1" } }, "sha512-taMXnfG/p+j7AmMOHHQaCHvjqwu9QBO3cxuZqL2dMG/yWcEMw0ZHruHe9B49OxtfKH/vKKDDKRhZ+1GJ2p5R5w=="],

    "es-module-lexer": ["es-module-lexer@1.7.0", "", {}, "sha512-jEQoCwk8hyb2AZziIOLhDqpm5+2ww5uIE6lkO/6jcOCusfk6LhMHpXXfBLXTZ7Ydyt0j4VoUQv6uGNYbdW+kBA=="],

    "esbuild": ["esbuild@0.27.2", "", { "optionalDependencies": { "@esbuild/aix-ppc64": "0.27.2", "@esbuild/android-arm": "0.27.2", "@esbuild/android-arm64": "0.27.2", "@esbuild/android-x64": "0.27.2", "@esbuild/darwin-arm64": "0.27.2", "@esbuild/darwin-x64": "0.27.2", "@esbuild/freebsd-arm64": "0.27.2", "@esbuild/freebsd-x64": "0.27.2", "@esbuild/linux-arm": "0.27.2", "@esbuild/linux-arm64": "0.27.2", "@esbuild/linux-ia32": "0.27.2", "@esbuild/linux-loong64": "0.27.2", "@esbuild/linux-mips64el": "0.27.2", "@esbuild/linux-ppc64": "0.27.2", "@esbuild/linux-riscv64": "0.27.2", "@esbuild/linux-s390x": "0.27.2", "@esbuild/linux-x64": "0.27.2", "@esbuild/netbsd-arm64": "0.27.2", "@esbuild/netbsd-x64": "0.27.2", "@esbuild/openbsd-arm64": "0.27.2", "@esbuild/openbsd-x64": "0.27.2", "@esbuild/openharmony-arm64": "0.27.2", "@esbuild/sunos-x64": "0.27.2", "@esbuild/win32-arm64": "0.27.2", "@esbuild/win32-ia32": "0.27.2", "@esbuild/win32-x64": "0.27.2" }, "bin": { "esbuild": "bin/esbuild" } }, "sha512-HyNQImnsOC7X9PMNaCIeAm4ISCQXs5a5YasTXVliKv4uuBo1dKrG0A+uQS8M5eXjVMnLg3WgXaKvprHlFJQffw=="],

    "estree-walker": ["estree-walker@3.0.3", "", { "dependencies": { "@types/estree": "^1.0.0" } }, "sha512-7RUKfXgSMMkzt6ZuXmqapOurLGPPfgj6l9uRZ7lRGolvk0y2yocc35LdcxKC5PQZdn2DMqioAQ2NoWcrTKmm6g=="],

    "expect-type": ["expect-type@1.3.0", "", {}, "sha512-knvyeauYhqjOYvQ66MznSMs83wmHrCycNEN6Ao+2AeYEfxUIkuiVxdEa1qlGEPK+We3n0THiDciYSsCcgW/DoA=="],

    "fast-check": ["fast-check@3.23.2", "", { "dependencies": { "pure-rand": "^6.1.0" } }, "sha512-h5+1OzzfCC3Ef7VbtKdcv7zsstUQwUDlYpUTvjeUsJAssPgLn7QzbboPtL5ro04Mq0rPOsMzl7q5hIbRs2wD1A=="],

    "fdir": ["fdir@6.5.0", "", { "peerDependencies": { "picomatch": "^3 || ^4" }, "optionalPeers": ["picomatch"] }, "sha512-tIbYtZbucOs0BRGqPJkshJUYdL+SDH7dVM8gjy+ERp3WAUjLEFJE+02kanyHtwjWOnwrKYBiwAmM0p4kLJAnXg=="],

    "fill-range": ["fill-range@7.1.1", "", { "dependencies": { "to-regex-range": "^5.0.1" } }, "sha512-YsGpe3WHLK8ZYi4tWDg2Jy3ebRz2rXowDxnld4bkQB00cc/1Zw9AWnC0i9ztDJitivtQvaI9KaLyKrc+hBW0yg=="],

    "find-my-way-ts": ["find-my-way-ts@0.1.6", "", {}, "sha512-a85L9ZoXtNAey3Y6Z+eBWW658kO/MwR7zIafkIUPUMf3isZG0NCs2pjW2wtjxAKuJPxMAsHUIP4ZPGv0o5gyTA=="],

    "fsevents": ["fsevents@2.3.2", "", { "os": "darwin" }, "sha512-xiqMQR4xAeHTuB9uWm+fFRcIOgKBMiOBP+eXiyT7jsgVCq1bkVygt00oASowB7EdtpOHaaPgKt812P9ab+DDKA=="],

    "is-extglob": ["is-extglob@2.1.1", "", {}, "sha512-SbKbANkN603Vi4jEZv49LeVJMn4yGwsbzZworEoyEiutsN3nJYdbO36zfhGJ6QEDpOZIFkDtnq5JRxmvl3jsoQ=="],

    "is-glob": ["is-glob@4.0.3", "", { "dependencies": { "is-extglob": "^2.1.1" } }, "sha512-xelSayHH36ZgE7ZWhli7pW34hNbNl8Ojv5KVmkJD4hBdD3th8Tfk9vYasLM+mXWOZhFkgZfxhLSnrwRr4elSSg=="],

    "is-number": ["is-number@7.0.0", "", {}, "sha512-41Cifkg6e8TylSpdtTpeLVMqvSBEVzTttHvERD741+pnZ8ANv0004MRL43QKPDlK9cGvNp6NZWZUBlbGXYxxng=="],

    "js-yaml": ["js-yaml@4.1.1", "", { "dependencies": { "argparse": "^2.0.1" }, "bin": { "js-yaml": "bin/js-yaml.js" } }, "sha512-qQKT4zQxXl8lLwBtHMWwaTcGfFOZviOJet3Oy/xmGk2gZH677CJM9EvtfdSkgWcATZhj/55JZ0rmy3myCT5lsA=="],

    "kubernetes-types": ["kubernetes-types@1.30.0", "", {}, "sha512-Dew1okvhM/SQcIa2rcgujNndZwU8VnSapDgdxlYoB84ZlpAD43U6KLAFqYo17ykSFGHNPrg0qry0bP+GJd9v7Q=="],

    "magic-string": ["magic-string@0.30.21", "", { "dependencies": { "@jridgewell/sourcemap-codec": "^1.5.5" } }, "sha512-vd2F4YUyEXKGcLHoq+TEyCjxueSeHnFxyyjNp80yg0XV4vUhnDer/lvvlqM/arB5bXQN5K2/3oinyCRyx8T2CQ=="],

    "micromatch": ["micromatch@4.0.8", "", { "dependencies": { "braces": "^3.0.3", "picomatch": "^2.3.1" } }, "sha512-PXwfBhYu0hBCPw8Dn0E+WDYb7af3dSLVWKi3HGv84IdF4TyFoC0ysxFd0Goxw7nSv4T/PzEJQxsYsEiFCKo2BA=="],

    "mime": ["mime@3.0.0", "", { "bin": { "mime": "cli.js" } }, "sha512-jSCU7/VB1loIWBZe14aEYHU/+1UMEHoaO7qxCOVJOw9GgH72VAWppxNcjU+x9a2k3GSIBXNKxXQFqRvvZ7vr3A=="],

    "msgpackr": ["msgpackr@1.11.8", "", { "optionalDependencies": { "msgpackr-extract": "^3.0.2" } }, "sha512-bC4UGzHhVvgDNS7kn9tV8fAucIYUBuGojcaLiz7v+P63Lmtm0Xeji8B/8tYKddALXxJLpwIeBmUN3u64C4YkRA=="],

    "msgpackr-extract": ["msgpackr-extract@3.0.3", "", { "dependencies": { "node-gyp-build-optional-packages": "5.2.2" }, "optionalDependencies": { "@msgpackr-extract/msgpackr-extract-darwin-arm64": "3.0.3", "@msgpackr-extract/msgpackr-extract-darwin-x64": "3.0.3", "@msgpackr-extract/msgpackr-extract-linux-arm": "3.0.3", "@msgpackr-extract/msgpackr-extract-linux-arm64": "3.0.3", "@msgpackr-extract/msgpackr-extract-linux-x64": "3.0.3", "@msgpackr-extract/msgpackr-extract-win32-x64": "3.0.3" }, "bin": { "download-msgpackr-prebuilds": "bin/download-prebuilds.js" } }, "sha512-P0efT1C9jIdVRefqjzOQ9Xml57zpOXnIuS+csaB4MdZbTdmGDLo8XhzBG1N7aO11gKDDkJvBLULeFTo46wwreA=="],

    "multipasta": ["multipasta@0.2.7", "", {}, "sha512-KPA58d68KgGil15oDqXjkUBEBYc00XvbPj5/X+dyzeo/lWm9Nc25pQRlf1D+gv4OpK7NM0J1odrbu9JNNGvynA=="],

    "nanoid": ["nanoid@3.3.11", "", { "bin": { "nanoid": "bin/nanoid.cjs" } }, "sha512-N8SpfPUnUp1bK+PMYW8qSWdl9U+wwNWI4QKxOYDy9JAro3WMX7p2OeVRF9v+347pnakNevPmiHhNmZ2HbFA76w=="],

    "node-addon-api": ["node-addon-api@7.1.1", "", {}, "sha512-5m3bsyrjFWE1xf7nz7YXdN4udnVtXK6/Yfgn5qnahL6bCkf2yKt4k3nuTKAtT4r3IG8JNR2ncsIMdZuAzJjHQQ=="],

    "node-gyp-build-optional-packages": ["node-gyp-build-optional-packages@5.2.2", "", { "dependencies": { "detect-libc": "^2.0.1" }, "bin": { "node-gyp-build-optional-packages": "bin.js", "node-gyp-build-optional-packages-optional": "optional.js", "node-gyp-build-optional-packages-test": "build-test.js" } }, "sha512-s+w+rBWnpTMwSFbaE0UXsRlg7hU4FjekKU4eyAih5T8nJuNZT1nNsskXpxmeqSK9UzkBl6UgRlnKc8hz8IEqOw=="],

    "obug": ["obug@2.1.1", "", {}, "sha512-uTqF9MuPraAQ+IsnPf366RG4cP9RtUi7MLO1N3KEc+wb0a6yKpeL0lmk2IB1jY5KHPAlTc6T/JRdC/YqxHNwkQ=="],

    "oxlint": ["oxlint@1.35.0", "", { "optionalDependencies": { "@oxlint/darwin-arm64": "1.35.0", "@oxlint/darwin-x64": "1.35.0", "@oxlint/linux-arm64-gnu": "1.35.0", "@oxlint/linux-arm64-musl": "1.35.0", "@oxlint/linux-x64-gnu": "1.35.0", "@oxlint/linux-x64-musl": "1.35.0", "@oxlint/win32-arm64": "1.35.0", "@oxlint/win32-x64": "1.35.0" }, "peerDependencies": { "oxlint-tsgolint": ">=0.10.0" }, "optionalPeers": ["oxlint-tsgolint"], "bin": { "oxc_language_server": "bin/oxc_language_server", "oxlint": "bin/oxlint" } }, "sha512-QDX1aUgaiqznkGfTM2qHwva2wtKqhVoqPSVXrnPz+yLUhlNadikD3QRuRtppHl7WGuy3wG6nKAuR8lash3aWSg=="],

    "oxlint-tsgolint": ["oxlint-tsgolint@0.10.0", "", { "optionalDependencies": { "@oxlint-tsgolint/darwin-arm64": "0.10.0", "@oxlint-tsgolint/darwin-x64": "0.10.0", "@oxlint-tsgolint/linux-arm64": "0.10.0", "@oxlint-tsgolint/linux-x64": "0.10.0", "@oxlint-tsgolint/win32-arm64": "0.10.0", "@oxlint-tsgolint/win32-x64": "0.10.0" }, "bin": { "tsgolint": "bin/tsgolint.js" } }, "sha512-LDDSIu5J/4D4gFUuQQIEQpAC6maNEbMg4nC8JL/+Pe0cUDR86dtVZ09E2x5MwCh8f9yfktoaxt5x6UIVyzrajg=="],

    "pathe": ["pathe@2.0.3", "", {}, "sha512-WUjGcAqP1gQacoQe+OBJsFA7Ld4DyXuUIjZ5cc75cLHvJ7dtNsTugphxIADwspS+AraAUePCKrSVtPLFj/F88w=="],

    "picocolors": ["picocolors@1.1.1", "", {}, "sha512-xceH2snhtb5M9liqDsmEw56le376mTZkEX/jEb/RxNFyegNul7eNslCXP9FDj/Lcu0X8KEyMceP2ntpaHrDEVA=="],

    "picomatch": ["picomatch@4.0.3", "", {}, "sha512-5gTmgEY/sqK6gFXLIsQNH19lWb4ebPDLA4SdLP7dsWkIXHWlG66oPuVvXSGFPppYZz8ZDZq0dYYrbHfBCVUb1Q=="],

    "playwright": ["playwright@1.57.0", "", { "dependencies": { "playwright-core": "1.57.0" }, "optionalDependencies": { "fsevents": "2.3.2" }, "bin": { "playwright": "cli.js" } }, "sha512-ilYQj1s8sr2ppEJ2YVadYBN0Mb3mdo9J0wQ+UuDhzYqURwSoW4n1Xs5vs7ORwgDGmyEh33tRMeS8KhdkMoLXQw=="],

    "playwright-core": ["playwright-core@1.57.0", "", { "bin": { "playwright-core": "cli.js" } }, "sha512-agTcKlMw/mjBWOnD6kFZttAAGHgi/Nw0CZ2o6JqWSbMlI219lAFLZZCyqByTsvVAJq5XA5H8cA6PrvBRpBWEuQ=="],

    "postcss": ["postcss@8.5.6", "", { "dependencies": { "nanoid": "^3.3.11", "picocolors": "^1.1.1", "source-map-js": "^1.2.1" } }, "sha512-3Ybi1tAuwAP9s0r1UQ2J4n5Y0G05bJkpUIO0/bI9MhwmD70S5aTWbXGBwxHrelT+XM1k6dM0pk+SwNkpTRN7Pg=="],

    "pure-rand": ["pure-rand@6.1.0", "", {}, "sha512-bVWawvoZoBYpp6yIoQtQXHZjmz35RSVHnUOTefl8Vcjr8snTPY1wnpSPMWekcFwbxI6gtmT7rSYPFvz71ldiOA=="],

    "rollup": ["rollup@4.54.0", "", { "dependencies": { "@types/estree": "1.0.8" }, "optionalDependencies": { "@rollup/rollup-android-arm-eabi": "4.54.0", "@rollup/rollup-android-arm64": "4.54.0", "@rollup/rollup-darwin-arm64": "4.54.0", "@rollup/rollup-darwin-x64": "4.54.0", "@rollup/rollup-freebsd-arm64": "4.54.0", "@rollup/rollup-freebsd-x64": "4.54.0", "@rollup/rollup-linux-arm-gnueabihf": "4.54.0", "@rollup/rollup-linux-arm-musleabihf": "4.54.0", "@rollup/rollup-linux-arm64-gnu": "4.54.0", "@rollup/rollup-linux-arm64-musl": "4.54.0", "@rollup/rollup-linux-loong64-gnu": "4.54.0", "@rollup/rollup-linux-ppc64-gnu": "4.54.0", "@rollup/rollup-linux-riscv64-gnu": "4.54.0", "@rollup/rollup-linux-riscv64-musl": "4.54.0", "@rollup/rollup-linux-s390x-gnu": "4.54.0", "@rollup/rollup-linux-x64-gnu": "4.54.0", "@rollup/rollup-linux-x64-musl": "4.54.0", "@rollup/rollup-openharmony-arm64": "4.54.0", "@rollup/rollup-win32-arm64-msvc": "4.54.0", "@rollup/rollup-win32-ia32-msvc": "4.54.0", "@rollup/rollup-win32-x64-gnu": "4.54.0", "@rollup/rollup-win32-x64-msvc": "4.54.0", "fsevents": "~2.3.2" }, "bin": { "rollup": "dist/bin/rollup" } }, "sha512-3nk8Y3a9Ea8szgKhinMlGMhGMw89mqule3KWczxhIzqudyHdCIOHw8WJlj/r329fACjKLEh13ZSk7oE22kyeIw=="],

    "siginfo": ["siginfo@2.0.0", "", {}, "sha512-ybx0WO1/8bSBLEWXZvEd7gMW3Sn3JFlW3TvX1nREbDLRNQNaeNN8WK0meBwPdAaOI7TtRRRJn/Es1zhrrCHu7g=="],

    "source-map-js": ["source-map-js@1.2.1", "", {}, "sha512-UXWMKhLOwVKb728IUtQPXxfYU+usdybtUrK/8uGE8CQMvrhOpwvzDBwj0QhSL7MQc7vIsISBG8VQ8+IDQxpfQA=="],

    "stackback": ["stackback@0.0.2", "", {}, "sha512-1XMJE5fQo1jGH6Y/7ebnwPOBEkIEnT4QF32d5R1+VXdXveM0IBMJt8zfaxX1P3QhVwrYe+576+jkANtSS2mBbw=="],

    "std-env": ["std-env@3.10.0", "", {}, "sha512-5GS12FdOZNliM5mAOxFRg7Ir0pWz8MdpYm6AY6VPkGpbA7ZzmbzNcBJQ0GPvvyWgcY7QAhCgf9Uy89I03faLkg=="],

    "tinybench": ["tinybench@2.9.0", "", {}, "sha512-0+DUvqWMValLmha6lr4kD8iAMK1HzV0/aKnCtWb9v9641TnP/MFb7Pc2bxoxQjTXAErryXVgUOfv2YqNllqGeg=="],

    "tinyexec": ["tinyexec@1.0.2", "", {}, "sha512-W/KYk+NFhkmsYpuHq5JykngiOCnxeVL8v8dFnqxSD8qEEdRfXk1SDM6JzNqcERbcGYj9tMrDQBYV9cjgnunFIg=="],

    "tinyglobby": ["tinyglobby@0.2.15", "", { "dependencies": { "fdir": "^6.5.0", "picomatch": "^4.0.3" } }, "sha512-j2Zq4NyQYG5XMST4cbs02Ak8iJUdxRM0XI5QyxXuZOzKOINmWurp3smXu3y5wDcJrptwpSjgXHzIQxR0omXljQ=="],

    "tinyrainbow": ["tinyrainbow@3.0.3", "", {}, "sha512-PSkbLUoxOFRzJYjjxHJt9xro7D+iilgMX/C9lawzVuYiIdcihh9DXmVibBe8lmcFrRi/VzlPjBxbN7rH24q8/Q=="],

    "to-regex-range": ["to-regex-range@5.0.1", "", { "dependencies": { "is-number": "^7.0.0" } }, "sha512-65P7iz6X5yEr1cwcgvQxbbIw7Uk3gOy5dIdtZ4rDveLqhrdJP+Li/Hx6tyK0NEb+2GCyneCMJiGqrADCSNk8sQ=="],

    "typescript": ["typescript@5.9.3", "", { "bin": { "tsc": "bin/tsc", "tsserver": "bin/tsserver" } }, "sha512-jl1vZzPDinLr9eUt3J/t7V6FgNEw9QjvBPdysz9KfQDD41fQrC2Y4vKQdiaUpFT4bXlb1RHhLpp8wtm6M5TgSw=="],

    "undici": ["undici@7.16.0", "", {}, "sha512-QEg3HPMll0o3t2ourKwOeUAZ159Kn9mx5pnzHRQO8+Wixmh88YdZRiIwat0iNzNNXn0yoEtXJqFpyW7eM8BV7g=="],

    "undici-types": ["undici-types@7.16.0", "", {}, "sha512-Zz+aZWSj8LE6zoxD+xrjh4VfkIG8Ya6LvYkZqtUQGJPZjYl53ypCaUwWqo7eI0x66KBGeRo+mlBEkMSeSZ38Nw=="],

    "uuid": ["uuid@11.1.0", "", { "bin": { "uuid": "dist/esm/bin/uuid" } }, "sha512-0/A9rDy9P7cJ+8w1c9WD9V//9Wj15Ce2MPz8Ri6032usz+NfePxx5AcN3bN+r6ZL6jEo066/yNYB3tn4pQEx+A=="],

    "vite": ["vite@7.3.0", "", { "dependencies": { "esbuild": "^0.27.0", "fdir": "^6.5.0", "picomatch": "^4.0.3", "postcss": "^8.5.6", "rollup": "^4.43.0", "tinyglobby": "^0.2.15" }, "optionalDependencies": { "fsevents": "~2.3.3" }, "peerDependencies": { "@types/node": "^20.19.0 || >=22.12.0", "jiti": ">=1.21.0", "less": "^4.0.0", "lightningcss": "^1.21.0", "sass": "^1.70.0", "sass-embedded": "^1.70.0", "stylus": ">=0.54.8", "sugarss": "^5.0.0", "terser": "^5.16.0", "tsx": "^4.8.1", "yaml": "^2.4.2" }, "optionalPeers": ["@types/node", "jiti", "less", "lightningcss", "sass", "sass-embedded", "stylus", "sugarss", "terser", "tsx", "yaml"], "bin": { "vite": "bin/vite.js" } }, "sha512-dZwN5L1VlUBewiP6H9s2+B3e3Jg96D0vzN+Ry73sOefebhYr9f94wwkMNN/9ouoU8pV1BqA1d1zGk8928cx0rg=="],

    "vitest": ["vitest@4.0.15", "", { "dependencies": { "@vitest/expect": "4.0.15", "@vitest/mocker": "4.0.15", "@vitest/pretty-format": "4.0.15", "@vitest/runner": "4.0.15", "@vitest/snapshot": "4.0.15", "@vitest/spy": "4.0.15", "@vitest/utils": "4.0.15", "es-module-lexer": "^1.7.0", "expect-type": "^1.2.2", "magic-string": "^0.30.21", "obug": "^2.1.1", "pathe": "^2.0.3", "picomatch": "^4.0.3", "std-env": "^3.10.0", "tinybench": "^2.9.0", "tinyexec": "^1.0.2", "tinyglobby": "^0.2.15", "tinyrainbow": "^3.0.3", "vite": "^6.0.0 || ^7.0.0", "why-is-node-running": "^2.3.0" }, "peerDependencies": { "@edge-runtime/vm": "*", "@opentelemetry/api": "^1.9.0", "@types/node": "^20.0.0 || ^22.0.0 || >=24.0.0", "@vitest/browser-playwright": "4.0.15", "@vitest/browser-preview": "4.0.15", "@vitest/browser-webdriverio": "4.0.15", "@vitest/ui": "4.0.15", "happy-dom": "*", "jsdom": "*" }, "optionalPeers": ["@edge-runtime/vm", "@opentelemetry/api", "@types/node", "@vitest/browser-playwright", "@vitest/browser-preview", "@vitest/browser-webdriverio", "@vitest/ui", "happy-dom", "jsdom"], "bin": { "vitest": "vitest.mjs" } }, "sha512-n1RxDp8UJm6N0IbJLQo+yzLZ2sQCDyl1o0LeugbPWf8+8Fttp29GghsQBjYJVmWq3gBFfe9Hs1spR44vovn2wA=="],

    "why-is-node-running": ["why-is-node-running@2.3.0", "", { "dependencies": { "siginfo": "^2.0.0", "stackback": "0.0.2" }, "bin": { "why-is-node-running": "cli.js" } }, "sha512-hUrmaWBdVDcxvYqnyh09zunKzROWjbZTiNy8dBEjkS7ehEDQibXJ7XvlmtbwuTclUiIyN+CyXQD4Vmko8fNm8w=="],

    "ws": ["ws@8.18.3", "", { "peerDependencies": { "bufferutil": "^4.0.1", "utf-8-validate": ">=5.0.2" }, "optionalPeers": ["bufferutil", "utf-8-validate"] }, "sha512-PEIGCY5tSlUt50cqyMXfCzX+oOPqN0vuGqWzbcJ2xvnkzkq46oOpz7dQaTDBdfICb4N14+GARUDw2XV2N4tvzg=="],

    "@effect/platform-node/@effect/platform-node-shared": ["@effect/platform-node-shared@0.56.0", "", { "dependencies": { "@parcel/watcher": "^2.5.1", "multipasta": "^0.2.7", "ws": "^8.18.2" }, "peerDependencies": { "@effect/cluster": "^0.55.0", "@effect/platform": "^0.93.6", "@effect/rpc": "^0.72.2", "@effect/sql": "^0.48.6", "effect": "^3.19.8" } }, "sha512-0RawLcUCLHVGs4ch1nY26P4xM+U6R03ZR02MgNHMsL0slh8YYlal5PnwD/852rJ59O9prQX3Kq8zs+cGVoLAJw=="],

    "micromatch/picomatch": ["picomatch@2.3.1", "", {}, "sha512-JU3teHTNjmE2VCGFzuY8EXzCDVwEqB2a8fsIvwaStHhAWJEeVd1o1QD80CU6+ZdEXXSLbSsuLwJjkCBWqRQUVA=="],

    "node-gyp-build-optional-packages/detect-libc": ["detect-libc@2.1.2", "", {}, "sha512-Btj2BOOO83o3WyH59e8MgXsxEQVcarkUOpEYrubB0urwnN10yQ364rsiByU11nZlqWYZm05i/of7io4mzihBtQ=="],

    "rollup/fsevents": ["fsevents@2.3.3", "", { "os": "darwin" }, "sha512-5xoDfX+fL7faATnagmWPpbFtwh/R77WmMMqqHGS65C3vvB0YHrgF+B1YmZ3441tMj5n63k0212XNoJwzlhffQw=="],

    "vite/fsevents": ["fsevents@2.3.3", "", { "os": "darwin" }, "sha512-5xoDfX+fL7faATnagmWPpbFtwh/R77WmMMqqHGS65C3vvB0YHrgF+B1YmZ3441tMj5n63k0212XNoJwzlhffQw=="],
  }
}
