{
  "nodes": {
    "brew-src": {
      "flake": false,
      "locked": {
        "lastModified": 1769363988,
        "narHash": "sha256-BiGPeulrDVetXP+tjxhMcGLUROZAtZIhU5m4MqawCfM=",
        "owner": "Homebrew",
        "repo": "brew",
        "rev": "d01011cac6d72032c75fd2cd9489909e95d9faf2",
        "type": "github"
      },
      "original": {
        "owner": "Homebrew",
        "ref": "5.0.12",
        "repo": "brew",
        "type": "github"
      }
    },
    "crane": {
      "locked": {
        "lastModified": 1765739568,
        "narHash": "sha256-gQYx35Of4UDKUjAYvmxjUEh/DdszYeTtT6MDin4loGE=",
        "owner": "ipetkov",
        "repo": "crane",
        "rev": "67d2baff0f9f677af35db61b32b5df6863bcc075",
        "type": "github"
      },
      "original": {
        "owner": "ipetkov",
        "repo": "crane",
        "type": "github"
      }
    },
    "flake-compat": {
      "flake": false,
      "locked": {
        "lastModified": 1767039857,
        "narHash": "sha256-vNpUSpF5Nuw8xvDLj2KCwwksIbjua2LZCqhV1LNRDns=",
        "owner": "NixOS",
        "repo": "flake-compat",
        "rev": "5edf11c44bc78a0d334f6334cdaf7d60d732daab",
        "type": "github"
      },
      "original": {
        "owner": "NixOS",
        "repo": "flake-compat",
        "type": "github"
      }
    },
    "flake-parts": {
      "inputs": {
        "nixpkgs-lib": "nixpkgs-lib"
      },
      "locked": {
        "lastModified": 1772408722,
        "narHash": "sha256-rHuJtdcOjK7rAHpHphUb1iCvgkU3GpfvicLMwwnfMT0=",
        "owner": "hercules-ci",
        "repo": "flake-parts",
        "rev": "f20dc5d9b8027381c474144ecabc9034d6a839a3",
        "type": "github"
      },
      "original": {
        "owner": "hercules-ci",
        "repo": "flake-parts",
        "type": "github"
      }
    },
    "flake-utils": {
      "inputs": {
        "systems": "systems"
      },
      "locked": {
        "lastModified": 1731533236,
        "narHash": "sha256-l0KFg5HjrsfsO/JpG+r7fRrqm12kzFHyUHqHCVpMMbI=",
        "owner": "numtide",
        "repo": "flake-utils",
        "rev": "11707dc2f618dd54ca8739b309ec4fc024de578b",
        "type": "github"
      },
      "original": {
        "owner": "numtide",
        "repo": "flake-utils",
        "type": "github"
      }
    },
    "git-hooks-nix": {
      "inputs": {
        "flake-compat": "flake-compat",
        "gitignore": "gitignore",
        "nixpkgs": [
          "nixpkgs"
        ]
      },
      "locked": {
        "lastModified": 1774104215,
        "narHash": "sha256-EAtviqz0sEAxdHS4crqu7JGR5oI3BwaqG0mw7CmXkO8=",
        "owner": "cachix",
        "repo": "git-hooks.nix",
        "rev": "f799ae951fde0627157f40aec28dec27b22076d0",
        "type": "github"
      },
      "original": {
        "owner": "cachix",
        "repo": "git-hooks.nix",
        "type": "github"
      }
    },
    "gitignore": {
      "inputs": {
        "nixpkgs": [
          "git-hooks-nix",
          "nixpkgs"
        ]
      },
      "locked": {
        "lastModified": 1709087332,
        "narHash": "sha256-HG2cCnktfHsKV0s4XW83gU3F57gaTljL9KNSuG6bnQs=",
        "owner": "hercules-ci",
        "repo": "gitignore.nix",
        "rev": "637db329424fd7e46cf4185293b9cc8c88c95394",
        "type": "github"
      },
      "original": {
        "owner": "hercules-ci",
        "repo": "gitignore.nix",
        "type": "github"
      }
    },
    "home-manager": {
      "inputs": {
        "nixpkgs": [
          "nixpkgs"
        ]
      },
      "locked": {
        "lastModified": 1774647770,
        "narHash": "sha256-UNNi14XiqRWWjO8ykbFwA5wRwx7EscsC+GItOVpuGjc=",
        "owner": "nix-community",
        "repo": "home-manager",
        "rev": "02371c05a04a2876cf92e2d67a259e8f87399068",
        "type": "github"
      },
      "original": {
        "owner": "nix-community",
        "repo": "home-manager",
        "type": "github"
      }
    },
    "homebrew-bundle": {
      "flake": false,
      "locked": {
        "lastModified": 1745335228,
        "narHash": "sha256-TIKR2UgtyUmHLNZp255/vLs+1I10hXe+sciMEbAGFwE=",
        "owner": "homebrew",
        "repo": "homebrew-bundle",
        "rev": "a3265c84b232e13048ecbf6fc18a2eedfadbeb08",
        "type": "github"
      },
      "original": {
        "owner": "homebrew",
        "repo": "homebrew-bundle",
        "type": "github"
      }
    },
    "homebrew-cask": {
      "flake": false,
      "locked": {
        "lastModified": 1774650421,
        "narHash": "sha256-styDaY/K8npaKDiScQsGLfhwJDAFSM0jbJoQa7sOfw4=",
        "owner": "homebrew",
        "repo": "homebrew-cask",
        "rev": "bf7b012dc1b7a9002262e669b9274a23072a0836",
        "type": "github"
      },
      "original": {
        "owner": "homebrew",
        "repo": "homebrew-cask",
        "type": "github"
      }
    },
    "homebrew-core": {
      "flake": false,
      "locked": {
        "lastModified": 1774650696,
        "narHash": "sha256-LIdfREJ+9iRdaMSvNXLJyaQfQ4mhfnvq8XjsXA70gaE=",
        "owner": "homebrew",
        "repo": "homebrew-core",
        "rev": "c2195dbfb43d96524cb9ff8c1b5e96d9b29ac0a2",
        "type": "github"
      },
      "original": {
        "owner": "homebrew",
        "repo": "homebrew-core",
        "type": "github"
      }
    },
    "homebrew-depot": {
      "flake": false,
      "locked": {
        "lastModified": 1774535005,
        "narHash": "sha256-upiQcAf+UEAGSDHX30mHoUZ2T8IkvVN1eL3oWzGAnyo=",
        "owner": "depot",
        "repo": "homebrew-tap",
        "rev": "58ad071d40f771dae25c1bc482775cf8805857f7",
        "type": "github"
      },
      "original": {
        "owner": "depot",
        "repo": "homebrew-tap",
        "type": "github"
      }
    },
    "nix-darwin": {
      "inputs": {
        "nixpkgs": [
          "nixpkgs"
        ]
      },
      "locked": {
        "lastModified": 1773000227,
        "narHash": "sha256-zm3ftUQw0MPumYi91HovoGhgyZBlM4o3Zy0LhPNwzXE=",
        "owner": "LnL7",
        "repo": "nix-darwin",
        "rev": "da529ac9e46f25ed5616fd634079a5f3c579135f",
        "type": "github"
      },
      "original": {
        "owner": "LnL7",
        "repo": "nix-darwin",
        "type": "github"
      }
    },
    "nix-homebrew": {
      "inputs": {
        "brew-src": "brew-src"
      },
      "locked": {
        "lastModified": 1769437432,
        "narHash": "sha256-8d7KnCpT2LweRvSzZYEGd9IM3eFX+A78opcnDM0+ndk=",
        "owner": "zhaofengli-wip",
        "repo": "nix-homebrew",
        "rev": "a5409abd0d5013d79775d3419bcac10eacb9d8c5",
        "type": "github"
      },
      "original": {
        "owner": "zhaofengli-wip",
        "repo": "nix-homebrew",
        "type": "github"
      }
    },
    "nixpkgs": {
      "locked": {
        "lastModified": 1774386573,
        "narHash": "sha256-4hAV26quOxdC6iyG7kYaZcM3VOskcPUrdCQd/nx8obc=",
        "owner": "nixos",
        "repo": "nixpkgs",
        "rev": "46db2e09e1d3f113a13c0d7b81e2f221c63b8ce9",
        "type": "github"
      },
      "original": {
        "owner": "nixos",
        "ref": "nixos-unstable",
        "repo": "nixpkgs",
        "type": "github"
      }
    },
    "nixpkgs-lib": {
      "locked": {
        "lastModified": 1772328832,
        "narHash": "sha256-e+/T/pmEkLP6BHhYjx6GmwP5ivonQQn0bJdH9YrRB+Q=",
        "owner": "nix-community",
        "repo": "nixpkgs.lib",
        "rev": "c185c7a5e5dd8f9add5b2f8ebeff00888b070742",
        "type": "github"
      },
      "original": {
        "owner": "nix-community",
        "repo": "nixpkgs.lib",
        "type": "github"
      }
    },
    "root": {
      "inputs": {
        "flake-parts": "flake-parts",
        "git-hooks-nix": "git-hooks-nix",
        "home-manager": "home-manager",
        "homebrew-bundle": "homebrew-bundle",
        "homebrew-cask": "homebrew-cask",
        "homebrew-core": "homebrew-core",
        "homebrew-depot": "homebrew-depot",
        "nix-darwin": "nix-darwin",
        "nix-homebrew": "nix-homebrew",
        "nixpkgs": "nixpkgs",
        "sops-nix": "sops-nix",
        "treefmt-nix": "treefmt-nix",
        "yazi-bunny": "yazi-bunny",
        "yazi-copy-file-contents": "yazi-copy-file-contents",
        "yazi-flavor-ashen": "yazi-flavor-ashen",
        "yazi-flavor-tokyo-night": "yazi-flavor-tokyo-night",
        "yazi-glow": "yazi-glow",
        "yazi-lazygit": "yazi-lazygit",
        "yazi-open-with-cmd": "yazi-open-with-cmd",
        "yazi-ouch": "yazi-ouch",
        "yazi-plugins": "yazi-plugins",
        "yazi-projects": "yazi-projects",
        "yazi-relative-motions": "yazi-relative-motions",
        "yazi-rich-preview": "yazi-rich-preview",
        "yazi-starship": "yazi-starship",
        "yazi-what-size": "yazi-what-size",
        "zellij-room": "zellij-room",
        "zjstatus": "zjstatus"
      }
    },
    "rust-overlay": {
      "inputs": {
        "nixpkgs": [
          "zjstatus",
          "nixpkgs"
        ]
      },
      "locked": {
        "lastModified": 1765939271,
        "narHash": "sha256-7F/d+ZrTYyOxnBZcleQZjOOEWc1IMXR/CLLRLLsVtHo=",
        "owner": "oxalica",
        "repo": "rust-overlay",
        "rev": "8028944c1339469124639da276d403d8ab7929a8",
        "type": "github"
      },
      "original": {
        "owner": "oxalica",
        "repo": "rust-overlay",
        "type": "github"
      }
    },
    "sops-nix": {
      "inputs": {
        "nixpkgs": [
          "nixpkgs"
        ]
      },
      "locked": {
        "lastModified": 1774303811,
        "narHash": "sha256-fhG4JAcLgjKwt+XHbjs8brpWnyKUfU4LikLm3s0Q/ic=",
        "owner": "Mic92",
        "repo": "sops-nix",
        "rev": "614e256310e0a4f8a9ccae3fa80c11844fba7042",
        "type": "github"
      },
      "original": {
        "owner": "Mic92",
        "repo": "sops-nix",
        "type": "github"
      }
    },
    "systems": {
      "locked": {
        "lastModified": 1681028828,
        "narHash": "sha256-Vy1rq5AaRuLzOxct8nz4T6wlgyUR7zLU309k9mBC768=",
        "owner": "nix-systems",
        "repo": "default",
        "rev": "da67096a3b9bf56a91d16901293e51ba5b49a27e",
        "type": "github"
      },
      "original": {
        "owner": "nix-systems",
        "repo": "default",
        "type": "github"
      }
    },
    "treefmt-nix": {
      "inputs": {
        "nixpkgs": [
          "nixpkgs"
        ]
      },
      "locked": {
        "lastModified": 1773297127,
        "narHash": "sha256-6E/yhXP7Oy/NbXtf1ktzmU8SdVqJQ09HC/48ebEGBpk=",
        "owner": "numtide",
        "repo": "treefmt-nix",
        "rev": "71b125cd05fbfd78cab3e070b73544abe24c5016",
        "type": "github"
      },
      "original": {
        "owner": "numtide",
        "repo": "treefmt-nix",
        "type": "github"
      }
    },
    "yazi-bunny": {
      "flake": false,
      "locked": {
        "lastModified": 1773026544,
        "narHash": "sha256-uQO0C00yOFPWq8KEO/kEZM6tFZRc9SiXfgN7kzlwDeA=",
        "owner": "stelcodes",
        "repo": "bunny.yazi",
        "rev": "71b14a3d624572f4884354c2e218296e9ece07cc",
        "type": "github"
      },
      "original": {
        "owner": "stelcodes",
        "ref": "71b14a3",
        "repo": "bunny.yazi",
        "type": "github"
      }
    },
    "yazi-copy-file-contents": {
      "flake": false,
      "locked": {
        "lastModified": 1749319220,
        "narHash": "sha256-JsQJg/SfXLQ/JIpl2YsfzdGpS1ZeWIACJwWTpHaVH3w=",
        "owner": "AnirudhG07",
        "repo": "plugins-yazi",
        "rev": "71545f4ee1a0896c555b3118dc3d2b0a1b92fad9",
        "type": "github"
      },
      "original": {
        "owner": "AnirudhG07",
        "ref": "71545f4",
        "repo": "plugins-yazi",
        "type": "github"
      }
    },
    "yazi-flavor-ashen": {
      "flake": false,
      "locked": {
        "lastModified": 1772992932,
        "narHash": "sha256-jH1ueAsL78XR/jowK52k6hZJM7DBYVxNAnlBk3eaVaY=",
        "owner": "ficcdaf",
        "repo": "ashen",
        "rev": "7d18c13bb81ff1a933d39473e0fa87da94763a3a",
        "type": "github"
      },
      "original": {
        "owner": "ficcdaf",
        "ref": "7d18c13",
        "repo": "ashen",
        "type": "github"
      }
    },
    "yazi-flavor-tokyo-night": {
      "flake": false,
      "locked": {
        "lastModified": 1767290359,
        "narHash": "sha256-LArhRteD7OQRBguV1n13gb5jkl90sOxShkDzgEf3PA0=",
        "owner": "BennyOe",
        "repo": "tokyo-night.yazi",
        "rev": "8e6296f14daff24151c736ebd0b9b6cd89b02b03",
        "type": "github"
      },
      "original": {
        "owner": "BennyOe",
        "ref": "8e6296f",
        "repo": "tokyo-night.yazi",
        "type": "github"
      }
    },
    "yazi-glow": {
      "flake": false,
      "locked": {
        "lastModified": 1749849023,
        "narHash": "sha256-mzW/ut/LTEriZiWF8YMRXG9hZ70OOC0irl5xObTNO40=",
        "owner": "Reledia",
        "repo": "glow.yazi",
        "rev": "bd3eaa58c065eaf216a8d22d64c62d8e0e9277e9",
        "type": "github"
      },
      "original": {
        "owner": "Reledia",
        "ref": "bd3eaa5",
        "repo": "glow.yazi",
        "type": "github"
      }
    },
    "yazi-lazygit": {
      "flake": false,
      "locked": {
        "lastModified": 1773304752,
        "narHash": "sha256-YpRWnR5fEXzHY9yBFNKy1NvTzHa8B1UhS2Qrfe9+Tpg=",
        "owner": "Lil-Dank",
        "repo": "lazygit.yazi",
        "rev": "8c4086c813c5856ab9571ae9142ed7d40ed3211e",
        "type": "github"
      },
      "original": {
        "owner": "Lil-Dank",
        "ref": "8c4086c",
        "repo": "lazygit.yazi",
        "type": "github"
      }
    },
    "yazi-open-with-cmd": {
      "flake": false,
      "locked": {
        "lastModified": 1767706872,
        "narHash": "sha256-vN7zQeGuYN8TPKlA/6+SNFTVsA607z1DJPKXlNFJ9YM=",
        "owner": "Ape",
        "repo": "open-with-cmd.yazi",
        "rev": "e3d430f8b12cb314a1d5744bcf8f76dd56b071e7",
        "type": "github"
      },
      "original": {
        "owner": "Ape",
        "ref": "e3d430f",
        "repo": "open-with-cmd.yazi",
        "type": "github"
      }
    },
    "yazi-ouch": {
      "flake": false,
      "locked": {
        "lastModified": 1772505001,
        "narHash": "sha256-14x/bD0aD9hXONaqQD8Dt7rLBCMq7bkVLH6uCPOQ0C8=",
        "owner": "ndtoan96",
        "repo": "ouch.yazi",
        "rev": "406ce6c13ec3a18d4872b8f64b62f4a530759b2c",
        "type": "github"
      },
      "original": {
        "owner": "ndtoan96",
        "ref": "406ce6c",
        "repo": "ouch.yazi",
        "type": "github"
      }
    },
    "yazi-plugins": {
      "flake": false,
      "locked": {
        "lastModified": 1772159384,
        "narHash": "sha256-pAkBlodci4Yf+CTjhGuNtgLOTMNquty7xP0/HSeoLzE=",
        "owner": "yazi-rs",
        "repo": "plugins",
        "rev": "196281844b8cbcac658a59013e4805300c2d6126",
        "type": "github"
      },
      "original": {
        "owner": "yazi-rs",
        "ref": "1962818",
        "repo": "plugins",
        "type": "github"
      }
    },
    "yazi-projects": {
      "flake": false,
      "locked": {
        "lastModified": 1771154579,
        "narHash": "sha256-Grvtx+N1DpdpMaVuDwaHu3S7zu6pQtmu1twvFIowbLM=",
        "owner": "MasouShizuka",
        "repo": "projects.yazi",
        "rev": "198c2ba30e4916ca275d2a08bd329fcf32735866",
        "type": "github"
      },
      "original": {
        "owner": "MasouShizuka",
        "ref": "198c2ba",
        "repo": "projects.yazi",
        "type": "github"
      }
    },
    "yazi-relative-motions": {
      "flake": false,
      "locked": {
        "lastModified": 1752096605,
        "narHash": "sha256-9i6x/VxGOA3bB3FPieB7mQ1zGaMK5wnMhYqsq4CvaM4=",
        "owner": "dedukun",
        "repo": "relative-motions.yazi",
        "rev": "a603d9ea924dfc0610bcf9d3129e7cba605d4501",
        "type": "github"
      },
      "original": {
        "owner": "dedukun",
        "ref": "a603d9e",
        "repo": "relative-motions.yazi",
        "type": "github"
      }
    },
    "yazi-rich-preview": {
      "flake": false,
      "locked": {
        "lastModified": 1770801763,
        "narHash": "sha256-KHmjff7tHFLkPqOs8IdWQ0mCliSZn/mIKYof+ulnddk=",
        "owner": "AnirudhG07",
        "repo": "rich-preview.yazi",
        "rev": "7d616ad88498747b46124f32a35847324862cd83",
        "type": "github"
      },
      "original": {
        "owner": "AnirudhG07",
        "ref": "7d616ad",
        "repo": "rich-preview.yazi",
        "type": "github"
      }
    },
    "yazi-starship": {
      "flake": false,
      "locked": {
        "lastModified": 1774193213,
        "narHash": "sha256-CPRVJVunBLwFLCoj+XfoIIwrrwHxqoElbskCXZgFraw=",
        "owner": "Rolv-Apneseth",
        "repo": "starship.yazi",
        "rev": "a83710153ab5625a64ef98d55e6ddad480a3756f",
        "type": "github"
      },
      "original": {
        "owner": "Rolv-Apneseth",
        "ref": "a837101",
        "repo": "starship.yazi",
        "type": "github"
      }
    },
    "yazi-what-size": {
      "flake": false,
      "locked": {
        "lastModified": 1767634388,
        "narHash": "sha256-7q/45TopqbojNRvYDmP9+hgSGPmiyLHBcV051qpOB2Y=",
        "owner": "pirafrank",
        "repo": "what-size.yazi",
        "rev": "179ebf69c9c3ade40cacc0f25e9557a43427c6ca",
        "type": "github"
      },
      "original": {
        "owner": "pirafrank",
        "ref": "179ebf6",
        "repo": "what-size.yazi",
        "type": "github"
      }
    },
    "zellij-room": {
      "flake": false,
      "locked": {
        "lastModified": 1768971474,
        "narHash": "sha256-KHCt4U0uqK/qkTGq2/Jf5bqBBhVDqAgFh80RPpU/KY0=",
        "owner": "rvcas",
        "repo": "room",
        "rev": "84f0ce7c5a1278fcbb43534a04cc72dce9d3a0cb",
        "type": "github"
      },
      "original": {
        "owner": "rvcas",
        "ref": "v1.2.1",
        "repo": "room",
        "type": "github"
      }
    },
    "zjstatus": {
      "inputs": {
        "crane": "crane",
        "flake-utils": "flake-utils",
        "nixpkgs": [
          "nixpkgs"
        ],
        "rust-overlay": "rust-overlay"
      },
      "locked": {
        "lastModified": 1766016463,
        "narHash": "sha256-aWp608krMtk5I+c3GXyuHkb6ugah40cBI0R52fNqMiI=",
        "owner": "dj95",
        "repo": "zjstatus",
        "rev": "9a4b88fdceee8eb2b8c28111c53e94254d61c994",
        "type": "github"
      },
      "original": {
        "owner": "dj95",
        "ref": "v0.22.0",
        "repo": "zjstatus",
        "type": "github"
      }
    }
  },
  "root": "root",
  "version": 7
}
