{
  "nodes": {
    "brew-src": {
      "flake": false,
      "locked": {
        "lastModified": 1778146321,
        "narHash": "sha256-HeBwuJmuBioZHyZqDOcf7W/xsMFupSD583v6I5Cl7a8=",
        "owner": "Homebrew",
        "repo": "brew",
        "rev": "af835384ac574f76025adb38b292b04cecee1f1f",
        "type": "github"
      },
      "original": {
        "owner": "Homebrew",
        "ref": "5.1.10",
        "repo": "brew",
        "type": "github"
      }
    },
    "crane": {
      "locked": {
        "lastModified": 1765739568,
        "narHash": "sha256-gQYx35Of4UDKUjAYvmxjUEh/DdszYeTtT6MDin4loGE=",
        "owner": "ipetkov",
        "repo": "crane",
        "rev": "67d2baff0f9f677af35db61b32b5df6863bcc075",
        "type": "github"
      },
      "original": {
        "owner": "ipetkov",
        "repo": "crane",
        "type": "github"
      }
    },
    "flake-compat": {
      "flake": false,
      "locked": {
        "lastModified": 1767039857,
        "narHash": "sha256-vNpUSpF5Nuw8xvDLj2KCwwksIbjua2LZCqhV1LNRDns=",
        "owner": "NixOS",
        "repo": "flake-compat",
        "rev": "5edf11c44bc78a0d334f6334cdaf7d60d732daab",
        "type": "github"
      },
      "original": {
        "owner": "NixOS",
        "repo": "flake-compat",
        "type": "github"
      }
    },
    "flake-parts": {
      "inputs": {
        "nixpkgs-lib": "nixpkgs-lib"
      },
      "locked": {
        "lastModified": 1777988971,
        "narHash": "sha256-qIoWPDs+0/8JecyYgE3gpKQxW/4bLW/gp45vow9ioCQ=",
        "owner": "hercules-ci",
        "repo": "flake-parts",
        "rev": "0678d8986be1661af6bb555f3489f2fdfc31f6ff",
        "type": "github"
      },
      "original": {
        "owner": "hercules-ci",
        "repo": "flake-parts",
        "type": "github"
      }
    },
    "flake-utils": {
      "inputs": {
        "systems": "systems"
      },
      "locked": {
        "lastModified": 1731533236,
        "narHash": "sha256-l0KFg5HjrsfsO/JpG+r7fRrqm12kzFHyUHqHCVpMMbI=",
        "owner": "numtide",
        "repo": "flake-utils",
        "rev": "11707dc2f618dd54ca8739b309ec4fc024de578b",
        "type": "github"
      },
      "original": {
        "owner": "numtide",
        "repo": "flake-utils",
        "type": "github"
      }
    },
    "git-hooks-nix": {
      "inputs": {
        "flake-compat": "flake-compat",
        "gitignore": "gitignore",
        "nixpkgs": [
          "nixpkgs"
        ]
      },
      "locked": {
        "lastModified": 1776796298,
        "narHash": "sha256-PcRvlWayisPSjd0UcRQbhG8Oqw78AcPE6x872cPRHN8=",
        "owner": "cachix",
        "repo": "git-hooks.nix",
        "rev": "3cfd774b0a530725a077e17354fbdb87ea1c4aad",
        "type": "github"
      },
      "original": {
        "owner": "cachix",
        "repo": "git-hooks.nix",
        "type": "github"
      }
    },
    "gitignore": {
      "inputs": {
        "nixpkgs": [
          "git-hooks-nix",
          "nixpkgs"
        ]
      },
      "locked": {
        "lastModified": 1709087332,
        "narHash": "sha256-HG2cCnktfHsKV0s4XW83gU3F57gaTljL9KNSuG6bnQs=",
        "owner": "hercules-ci",
        "repo": "gitignore.nix",
        "rev": "637db329424fd7e46cf4185293b9cc8c88c95394",
        "type": "github"
      },
      "original": {
        "owner": "hercules-ci",
        "repo": "gitignore.nix",
        "type": "github"
      }
    },
    "home-manager": {
      "inputs": {
        "nixpkgs": [
          "nixpkgs"
        ]
      },
      "locked": {
        "lastModified": 1778248595,
        "narHash": "sha256-dhFgEjoeJMYN/7OY6xfxS799YB4IjbbYXTjyGIJyLpc=",
        "owner": "nix-community",
        "repo": "home-manager",
        "rev": "fdb2ccba9d5e1238d32e0c4a3ec1a277efa80c1d",
        "type": "github"
      },
      "original": {
        "owner": "nix-community",
        "repo": "home-manager",
        "type": "github"
      }
    },
    "homebrew-bundle": {
      "flake": false,
      "locked": {
        "lastModified": 1745335228,
        "narHash": "sha256-TIKR2UgtyUmHLNZp255/vLs+1I10hXe+sciMEbAGFwE=",
        "owner": "homebrew",
        "repo": "homebrew-bundle",
        "rev": "a3265c84b232e13048ecbf6fc18a2eedfadbeb08",
        "type": "github"
      },
      "original": {
        "owner": "homebrew",
        "repo": "homebrew-bundle",
        "type": "github"
      }
    },
    "homebrew-cask": {
      "flake": false,
      "locked": {
        "lastModified": 1778336273,
        "narHash": "sha256-DyLFvg4E/UCEuMV2xgcBPKX7SPrG8ccldbnLuXPwngY=",
        "owner": "homebrew",
        "repo": "homebrew-cask",
        "rev": "25fb9c6e377579f8d261268da327f0f5f4d5e68a",
        "type": "github"
      },
      "original": {
        "owner": "homebrew",
        "repo": "homebrew-cask",
        "type": "github"
      }
    },
    "homebrew-core": {
      "flake": false,
      "locked": {
        "lastModified": 1778337314,
        "narHash": "sha256-kCBrhTurgvhGRj22To5As/VP70VW+r4S4xLavRpPLBU=",
        "owner": "homebrew",
        "repo": "homebrew-core",
        "rev": "640f77d966845c04525fa47ba29da9a694422579",
        "type": "github"
      },
      "original": {
        "owner": "homebrew",
        "repo": "homebrew-core",
        "type": "github"
      }
    },
    "homebrew-depot": {
      "flake": false,
      "locked": {
        "lastModified": 1778184115,
        "narHash": "sha256-IALu851wuhGsJJlYx80xOVhIUQo6X7PZ7O6I7mqx8J8=",
        "owner": "depot",
        "repo": "homebrew-tap",
        "rev": "60c8e24c96f8724e565d8e13257958f391e31f9f",
        "type": "github"
      },
      "original": {
        "owner": "depot",
        "repo": "homebrew-tap",
        "type": "github"
      }
    },
    "nix-darwin": {
      "inputs": {
        "nixpkgs": [
          "nixpkgs"
        ]
      },
      "locked": {
        "lastModified": 1777780666,
        "narHash": "sha256-8wURyQMdDkGUarSTKOGdCuFfYiwa3HbzwscUfn3STDE=",
        "owner": "LnL7",
        "repo": "nix-darwin",
        "rev": "8c62fba0854ba15c8917aed18894dbccb48a3777",
        "type": "github"
      },
      "original": {
        "owner": "LnL7",
        "repo": "nix-darwin",
        "type": "github"
      }
    },
    "nix-homebrew": {
      "inputs": {
        "brew-src": "brew-src"
      },
      "locked": {
        "lastModified": 1778332591,
        "narHash": "sha256-ctJ3ADtugrnbMfMBobA645gCqXVIyHnsCNMkVaIuSiM=",
        "owner": "zhaofengli-wip",
        "repo": "nix-homebrew",
        "rev": "7d0038b5bb60568ec41f5f4ef5067cd221ca7c0d",
        "type": "github"
      },
      "original": {
        "owner": "zhaofengli-wip",
        "repo": "nix-homebrew",
        "type": "github"
      }
    },
    "nixpkgs": {
      "locked": {
        "lastModified": 1777954456,
        "narHash": "sha256-hGdgeU2Nk87RAuZyYjyDjFL6LK7dAZN5RE9+hrDTkDU=",
        "owner": "nixos",
        "repo": "nixpkgs",
        "rev": "549bd84d6279f9852cae6225e372cc67fb91a4c1",
        "type": "github"
      },
      "original": {
        "owner": "nixos",
        "ref": "nixos-unstable",
        "repo": "nixpkgs",
        "type": "github"
      }
    },
    "nixpkgs-lib": {
      "locked": {
        "lastModified": 1777168982,
        "narHash": "sha256-GOkGPcboWE9BmGCRMLX3worL4EMnsnG8MyKmXNeYuhQ=",
        "owner": "nix-community",
        "repo": "nixpkgs.lib",
        "rev": "f5901329dade4a6ea039af1433fb087bd9c1fe14",
        "type": "github"
      },
      "original": {
        "owner": "nix-community",
        "repo": "nixpkgs.lib",
        "type": "github"
      }
    },
    "root": {
      "inputs": {
        "flake-parts": "flake-parts",
        "git-hooks-nix": "git-hooks-nix",
        "home-manager": "home-manager",
        "homebrew-bundle": "homebrew-bundle",
        "homebrew-cask": "homebrew-cask",
        "homebrew-core": "homebrew-core",
        "homebrew-depot": "homebrew-depot",
        "nix-darwin": "nix-darwin",
        "nix-homebrew": "nix-homebrew",
        "nixpkgs": "nixpkgs",
        "sops-nix": "sops-nix",
        "treefmt-nix": "treefmt-nix",
        "yazi-bunny": "yazi-bunny",
        "yazi-copy-file-contents": "yazi-copy-file-contents",
        "yazi-flavor-ashen": "yazi-flavor-ashen",
        "yazi-flavor-tokyo-night": "yazi-flavor-tokyo-night",
        "yazi-glow": "yazi-glow",
        "yazi-lazygit": "yazi-lazygit",
        "yazi-open-with-cmd": "yazi-open-with-cmd",
        "yazi-ouch": "yazi-ouch",
        "yazi-plugins": "yazi-plugins",
        "yazi-projects": "yazi-projects",
        "yazi-relative-motions": "yazi-relative-motions",
        "yazi-rich-preview": "yazi-rich-preview",
        "yazi-starship": "yazi-starship",
        "yazi-what-size": "yazi-what-size",
        "zellij-room": "zellij-room",
        "zjstatus": "zjstatus"
      }
    },
    "rust-overlay": {
      "inputs": {
        "nixpkgs": [
          "zjstatus",
          "nixpkgs"
        ]
      },
      "locked": {
        "lastModified": 1765939271,
        "narHash": "sha256-7F/d+ZrTYyOxnBZcleQZjOOEWc1IMXR/CLLRLLsVtHo=",
        "owner": "oxalica",
        "repo": "rust-overlay",
        "rev": "8028944c1339469124639da276d403d8ab7929a8",
        "type": "github"
      },
      "original": {
        "owner": "oxalica",
        "repo": "rust-overlay",
        "type": "github"
      }
    },
    "sops-nix": {
      "inputs": {
        "nixpkgs": [
          "nixpkgs"
        ]
      },
      "locked": {
        "lastModified": 1777944972,
        "narHash": "sha256-VfGRo1qTBKOe3s2gOv8LSoA6Fk19PvBlwQ1ECN0Evn8=",
        "owner": "Mic92",
        "repo": "sops-nix",
        "rev": "c591bf665727040c6cc5cb409079acb22dcce33c",
        "type": "github"
      },
      "original": {
        "owner": "Mic92",
        "repo": "sops-nix",
        "type": "github"
      }
    },
    "systems": {
      "locked": {
        "lastModified": 1681028828,
        "narHash": "sha256-Vy1rq5AaRuLzOxct8nz4T6wlgyUR7zLU309k9mBC768=",
        "owner": "nix-systems",
        "repo": "default",
        "rev": "da67096a3b9bf56a91d16901293e51ba5b49a27e",
        "type": "github"
      },
      "original": {
        "owner": "nix-systems",
        "repo": "default",
        "type": "github"
      }
    },
    "treefmt-nix": {
      "inputs": {
        "nixpkgs": [
          "nixpkgs"
        ]
      },
      "locked": {
        "lastModified": 1775636079,
        "narHash": "sha256-pc20NRoMdiar8oPQceQT47UUZMBTiMdUuWrYu2obUP0=",
        "owner": "numtide",
        "repo": "treefmt-nix",
        "rev": "790751ff7fd3801feeaf96d7dc416a8d581265ba",
        "type": "github"
      },
      "original": {
        "owner": "numtide",
        "repo": "treefmt-nix",
        "type": "github"
      }
    },
    "yazi-bunny": {
      "flake": false,
      "locked": {
        "lastModified": 1773026544,
        "narHash": "sha256-uQO0C00yOFPWq8KEO/kEZM6tFZRc9SiXfgN7kzlwDeA=",
        "owner": "stelcodes",
        "repo": "bunny.yazi",
        "rev": "71b14a3d624572f4884354c2e218296e9ece07cc",
        "type": "github"
      },
      "original": {
        "owner": "stelcodes",
        "ref": "71b14a3",
        "repo": "bunny.yazi",
        "type": "github"
      }
    },
    "yazi-copy-file-contents": {
      "flake": false,
      "locked": {
        "lastModified": 1749319220,
        "narHash": "sha256-JsQJg/SfXLQ/JIpl2YsfzdGpS1ZeWIACJwWTpHaVH3w=",
        "owner": "AnirudhG07",
        "repo": "plugins-yazi",
        "rev": "71545f4ee1a0896c555b3118dc3d2b0a1b92fad9",
        "type": "github"
      },
      "original": {
        "owner": "AnirudhG07",
        "ref": "71545f4",
        "repo": "plugins-yazi",
        "type": "github"
      }
    },
    "yazi-flavor-ashen": {
      "flake": false,
      "locked": {
        "lastModified": 1772992932,
        "narHash": "sha256-jH1ueAsL78XR/jowK52k6hZJM7DBYVxNAnlBk3eaVaY=",
        "owner": "ficcdaf",
        "repo": "ashen",
        "rev": "7d18c13bb81ff1a933d39473e0fa87da94763a3a",
        "type": "github"
      },
      "original": {
        "owner": "ficcdaf",
        "ref": "7d18c13",
        "repo": "ashen",
        "type": "github"
      }
    },
    "yazi-flavor-tokyo-night": {
      "flake": false,
      "locked": {
        "lastModified": 1767290359,
        "narHash": "sha256-LArhRteD7OQRBguV1n13gb5jkl90sOxShkDzgEf3PA0=",
        "owner": "BennyOe",
        "repo": "tokyo-night.yazi",
        "rev": "8e6296f14daff24151c736ebd0b9b6cd89b02b03",
        "type": "github"
      },
      "original": {
        "owner": "BennyOe",
        "ref": "8e6296f",
        "repo": "tokyo-night.yazi",
        "type": "github"
      }
    },
    "yazi-glow": {
      "flake": false,
      "locked": {
        "lastModified": 1749849023,
        "narHash": "sha256-mzW/ut/LTEriZiWF8YMRXG9hZ70OOC0irl5xObTNO40=",
        "owner": "Reledia",
        "repo": "glow.yazi",
        "rev": "bd3eaa58c065eaf216a8d22d64c62d8e0e9277e9",
        "type": "github"
      },
      "original": {
        "owner": "Reledia",
        "ref": "bd3eaa5",
        "repo": "glow.yazi",
        "type": "github"
      }
    },
    "yazi-lazygit": {
      "flake": false,
      "locked": {
        "lastModified": 1773304752,
        "narHash": "sha256-YpRWnR5fEXzHY9yBFNKy1NvTzHa8B1UhS2Qrfe9+Tpg=",
        "owner": "Lil-Dank",
        "repo": "lazygit.yazi",
        "rev": "8c4086c813c5856ab9571ae9142ed7d40ed3211e",
        "type": "github"
      },
      "original": {
        "owner": "Lil-Dank",
        "ref": "8c4086c",
        "repo": "lazygit.yazi",
        "type": "github"
      }
    },
    "yazi-open-with-cmd": {
      "flake": false,
      "locked": {
        "lastModified": 1767706872,
        "narHash": "sha256-vN7zQeGuYN8TPKlA/6+SNFTVsA607z1DJPKXlNFJ9YM=",
        "owner": "Ape",
        "repo": "open-with-cmd.yazi",
        "rev": "e3d430f8b12cb314a1d5744bcf8f76dd56b071e7",
        "type": "github"
      },
      "original": {
        "owner": "Ape",
        "ref": "e3d430f",
        "repo": "open-with-cmd.yazi",
        "type": "github"
      }
    },
    "yazi-ouch": {
      "flake": false,
      "locked": {
        "lastModified": 1772505001,
        "narHash": "sha256-14x/bD0aD9hXONaqQD8Dt7rLBCMq7bkVLH6uCPOQ0C8=",
        "owner": "ndtoan96",
        "repo": "ouch.yazi",
        "rev": "406ce6c13ec3a18d4872b8f64b62f4a530759b2c",
        "type": "github"
      },
      "original": {
        "owner": "ndtoan96",
        "ref": "406ce6c",
        "repo": "ouch.yazi",
        "type": "github"
      }
    },
    "yazi-plugins": {
      "flake": false,
      "locked": {
        "lastModified": 1772159384,
        "narHash": "sha256-pAkBlodci4Yf+CTjhGuNtgLOTMNquty7xP0/HSeoLzE=",
        "owner": "yazi-rs",
        "repo": "plugins",
        "rev": "196281844b8cbcac658a59013e4805300c2d6126",
        "type": "github"
      },
      "original": {
        "owner": "yazi-rs",
        "ref": "1962818",
        "repo": "plugins",
        "type": "github"
      }
    },
    "yazi-projects": {
      "flake": false,
      "locked": {
        "lastModified": 1771154579,
        "narHash": "sha256-Grvtx+N1DpdpMaVuDwaHu3S7zu6pQtmu1twvFIowbLM=",
        "owner": "MasouShizuka",
        "repo": "projects.yazi",
        "rev": "198c2ba30e4916ca275d2a08bd329fcf32735866",
        "type": "github"
      },
      "original": {
        "owner": "MasouShizuka",
        "ref": "198c2ba",
        "repo": "projects.yazi",
        "type": "github"
      }
    },
    "yazi-relative-motions": {
      "flake": false,
      "locked": {
        "lastModified": 1752096605,
        "narHash": "sha256-9i6x/VxGOA3bB3FPieB7mQ1zGaMK5wnMhYqsq4CvaM4=",
        "owner": "dedukun",
        "repo": "relative-motions.yazi",
        "rev": "a603d9ea924dfc0610bcf9d3129e7cba605d4501",
        "type": "github"
      },
      "original": {
        "owner": "dedukun",
        "ref": "a603d9e",
        "repo": "relative-motions.yazi",
        "type": "github"
      }
    },
    "yazi-rich-preview": {
      "flake": false,
      "locked": {
        "lastModified": 1770801763,
        "narHash": "sha256-KHmjff7tHFLkPqOs8IdWQ0mCliSZn/mIKYof+ulnddk=",
        "owner": "AnirudhG07",
        "repo": "rich-preview.yazi",
        "rev": "7d616ad88498747b46124f32a35847324862cd83",
        "type": "github"
      },
      "original": {
        "owner": "AnirudhG07",
        "ref": "7d616ad",
        "repo": "rich-preview.yazi",
        "type": "github"
      }
    },
    "yazi-starship": {
      "flake": false,
      "locked": {
        "lastModified": 1774193213,
        "narHash": "sha256-CPRVJVunBLwFLCoj+XfoIIwrrwHxqoElbskCXZgFraw=",
        "owner": "Rolv-Apneseth",
        "repo": "starship.yazi",
        "rev": "a83710153ab5625a64ef98d55e6ddad480a3756f",
        "type": "github"
      },
      "original": {
        "owner": "Rolv-Apneseth",
        "ref": "a837101",
        "repo": "starship.yazi",
        "type": "github"
      }
    },
    "yazi-what-size": {
      "flake": false,
      "locked": {
        "lastModified": 1767634388,
        "narHash": "sha256-7q/45TopqbojNRvYDmP9+hgSGPmiyLHBcV051qpOB2Y=",
        "owner": "pirafrank",
        "repo": "what-size.yazi",
        "rev": "179ebf69c9c3ade40cacc0f25e9557a43427c6ca",
        "type": "github"
      },
      "original": {
        "owner": "pirafrank",
        "ref": "179ebf6",
        "repo": "what-size.yazi",
        "type": "github"
      }
    },
    "zellij-room": {
      "flake": false,
      "locked": {
        "lastModified": 1768971474,
        "narHash": "sha256-KHCt4U0uqK/qkTGq2/Jf5bqBBhVDqAgFh80RPpU/KY0=",
        "owner": "rvcas",
        "repo": "room",
        "rev": "84f0ce7c5a1278fcbb43534a04cc72dce9d3a0cb",
        "type": "github"
      },
      "original": {
        "owner": "rvcas",
        "ref": "v1.2.1",
        "repo": "room",
        "type": "github"
      }
    },
    "zjstatus": {
      "inputs": {
        "crane": "crane",
        "flake-utils": "flake-utils",
        "nixpkgs": [
          "nixpkgs"
        ],
        "rust-overlay": "rust-overlay"
      },
      "locked": {
        "lastModified": 1766016463,
        "narHash": "sha256-aWp608krMtk5I+c3GXyuHkb6ugah40cBI0R52fNqMiI=",
        "owner": "dj95",
        "repo": "zjstatus",
        "rev": "9a4b88fdceee8eb2b8c28111c53e94254d61c994",
        "type": "github"
      },
      "original": {
        "owner": "dj95",
        "ref": "v0.22.0",
        "repo": "zjstatus",
        "type": "github"
      }
    }
  },
  "root": "root",
  "version": 7
}
