{
  "nodes": {
    "brew-src": {
      "flake": false,
      "locked": {
        "lastModified": 1769363988,
        "narHash": "sha256-BiGPeulrDVetXP+tjxhMcGLUROZAtZIhU5m4MqawCfM=",
        "owner": "Homebrew",
        "repo": "brew",
        "rev": "d01011cac6d72032c75fd2cd9489909e95d9faf2",
        "type": "github"
      },
      "original": {
        "owner": "Homebrew",
        "ref": "5.0.12",
        "repo": "brew",
        "type": "github"
      }
    },
    "crane": {
      "locked": {
        "lastModified": 1765739568,
        "narHash": "sha256-gQYx35Of4UDKUjAYvmxjUEh/DdszYeTtT6MDin4loGE=",
        "owner": "ipetkov",
        "repo": "crane",
        "rev": "67d2baff0f9f677af35db61b32b5df6863bcc075",
        "type": "github"
      },
      "original": {
        "owner": "ipetkov",
        "repo": "crane",
        "type": "github"
      }
    },
    "flake-compat": {
      "flake": false,
      "locked": {
        "lastModified": 1767039857,
        "narHash": "sha256-vNpUSpF5Nuw8xvDLj2KCwwksIbjua2LZCqhV1LNRDns=",
        "owner": "NixOS",
        "repo": "flake-compat",
        "rev": "5edf11c44bc78a0d334f6334cdaf7d60d732daab",
        "type": "github"
      },
      "original": {
        "owner": "NixOS",
        "repo": "flake-compat",
        "type": "github"
      }
    },
    "flake-parts": {
      "inputs": {
        "nixpkgs-lib": "nixpkgs-lib"
      },
      "locked": {
        "lastModified": 1769996383,
        "narHash": "sha256-AnYjnFWgS49RlqX7LrC4uA+sCCDBj0Ry/WOJ5XWAsa0=",
        "owner": "hercules-ci",
        "repo": "flake-parts",
        "rev": "57928607ea566b5db3ad13af0e57e921e6b12381",
        "type": "github"
      },
      "original": {
        "owner": "hercules-ci",
        "repo": "flake-parts",
        "type": "github"
      }
    },
    "flake-utils": {
      "inputs": {
        "systems": "systems"
      },
      "locked": {
        "lastModified": 1731533236,
        "narHash": "sha256-l0KFg5HjrsfsO/JpG+r7fRrqm12kzFHyUHqHCVpMMbI=",
        "owner": "numtide",
        "repo": "flake-utils",
        "rev": "11707dc2f618dd54ca8739b309ec4fc024de578b",
        "type": "github"
      },
      "original": {
        "owner": "numtide",
        "repo": "flake-utils",
        "type": "github"
      }
    },
    "git-hooks-nix": {
      "inputs": {
        "flake-compat": "flake-compat",
        "gitignore": "gitignore",
        "nixpkgs": [
          "nixpkgs"
        ]
      },
      "locked": {
        "lastModified": 1771858127,
        "narHash": "sha256-Gtre9YoYl3n25tJH2AoSdjuwcqij5CPxL3U3xysYD08=",
        "owner": "cachix",
        "repo": "git-hooks.nix",
        "rev": "49bbbfc218bf3856dfa631cead3b052d78248b83",
        "type": "github"
      },
      "original": {
        "owner": "cachix",
        "repo": "git-hooks.nix",
        "type": "github"
      }
    },
    "gitignore": {
      "inputs": {
        "nixpkgs": [
          "git-hooks-nix",
          "nixpkgs"
        ]
      },
      "locked": {
        "lastModified": 1709087332,
        "narHash": "sha256-HG2cCnktfHsKV0s4XW83gU3F57gaTljL9KNSuG6bnQs=",
        "owner": "hercules-ci",
        "repo": "gitignore.nix",
        "rev": "637db329424fd7e46cf4185293b9cc8c88c95394",
        "type": "github"
      },
      "original": {
        "owner": "hercules-ci",
        "repo": "gitignore.nix",
        "type": "github"
      }
    },
    "home-manager": {
      "inputs": {
        "nixpkgs": [
          "nixpkgs"
        ]
      },
      "locked": {
        "lastModified": 1771851181,
        "narHash": "sha256-gFgE6mGUftwseV3DUENMb0k0EiHd739lZexPo5O/sdQ=",
        "owner": "nix-community",
        "repo": "home-manager",
        "rev": "9a4b494b1aa1b93d8edf167f46dc8e0c0011280c",
        "type": "github"
      },
      "original": {
        "owner": "nix-community",
        "repo": "home-manager",
        "type": "github"
      }
    },
    "homebrew-bundle": {
      "flake": false,
      "locked": {
        "lastModified": 1745335228,
        "narHash": "sha256-TIKR2UgtyUmHLNZp255/vLs+1I10hXe+sciMEbAGFwE=",
        "owner": "homebrew",
        "repo": "homebrew-bundle",
        "rev": "a3265c84b232e13048ecbf6fc18a2eedfadbeb08",
        "type": "github"
      },
      "original": {
        "owner": "homebrew",
        "repo": "homebrew-bundle",
        "type": "github"
      }
    },
    "homebrew-cask": {
      "flake": false,
      "locked": {
        "lastModified": 1772039463,
        "narHash": "sha256-TIydfGW1PEc1Z03d7OG41HQsvnQc+tsQPXLaPfGQvWA=",
        "owner": "homebrew",
        "repo": "homebrew-cask",
        "rev": "865b508b668ed0f1a3a04cf718da22273f973a0a",
        "type": "github"
      },
      "original": {
        "owner": "homebrew",
        "repo": "homebrew-cask",
        "type": "github"
      }
    },
    "homebrew-core": {
      "flake": false,
      "locked": {
        "lastModified": 1772043859,
        "narHash": "sha256-xP5cHg81VU84/t3r47SPp55lRvN848+w4AUK7ve7Zv4=",
        "owner": "homebrew",
        "repo": "homebrew-core",
        "rev": "4afa901613b3e1646c1131d0d7be31c05b6901ea",
        "type": "github"
      },
      "original": {
        "owner": "homebrew",
        "repo": "homebrew-core",
        "type": "github"
      }
    },
    "homebrew-depot": {
      "flake": false,
      "locked": {
        "lastModified": 1772034554,
        "narHash": "sha256-ZRorBxrcPlU4HzcKGte78T/5sFJbAkfpCmtqabHJpKY=",
        "owner": "depot",
        "repo": "homebrew-tap",
        "rev": "f436e7d8b55a5154e303069b9b9c52381394b2c4",
        "type": "github"
      },
      "original": {
        "owner": "depot",
        "repo": "homebrew-tap",
        "type": "github"
      }
    },
    "nix-darwin": {
      "inputs": {
        "nixpkgs": [
          "nixpkgs"
        ]
      },
      "locked": {
        "lastModified": 1771520882,
        "narHash": "sha256-9SeTZ4Pwr730YfT7V8Azb8GFbwk1ZwiQDAwft3qAD+o=",
        "owner": "LnL7",
        "repo": "nix-darwin",
        "rev": "6a7fdcd5839ec8b135821179eea3b58092171bcf",
        "type": "github"
      },
      "original": {
        "owner": "LnL7",
        "repo": "nix-darwin",
        "type": "github"
      }
    },
    "nix-homebrew": {
      "inputs": {
        "brew-src": "brew-src"
      },
      "locked": {
        "lastModified": 1769437432,
        "narHash": "sha256-8d7KnCpT2LweRvSzZYEGd9IM3eFX+A78opcnDM0+ndk=",
        "owner": "zhaofengli-wip",
        "repo": "nix-homebrew",
        "rev": "a5409abd0d5013d79775d3419bcac10eacb9d8c5",
        "type": "github"
      },
      "original": {
        "owner": "zhaofengli-wip",
        "repo": "nix-homebrew",
        "type": "github"
      }
    },
    "nixpkgs": {
      "locked": {
        "lastModified": 1771848320,
        "narHash": "sha256-0MAd+0mun3K/Ns8JATeHT1sX28faLII5hVLq0L3BdZU=",
        "owner": "nixos",
        "repo": "nixpkgs",
        "rev": "2fc6539b481e1d2569f25f8799236694180c0993",
        "type": "github"
      },
      "original": {
        "owner": "nixos",
        "ref": "nixos-unstable",
        "repo": "nixpkgs",
        "type": "github"
      }
    },
    "nixpkgs-lib": {
      "locked": {
        "lastModified": 1769909678,
        "narHash": "sha256-cBEymOf4/o3FD5AZnzC3J9hLbiZ+QDT/KDuyHXVJOpM=",
        "owner": "nix-community",
        "repo": "nixpkgs.lib",
        "rev": "72716169fe93074c333e8d0173151350670b824c",
        "type": "github"
      },
      "original": {
        "owner": "nix-community",
        "repo": "nixpkgs.lib",
        "type": "github"
      }
    },
    "root": {
      "inputs": {
        "flake-parts": "flake-parts",
        "git-hooks-nix": "git-hooks-nix",
        "home-manager": "home-manager",
        "homebrew-bundle": "homebrew-bundle",
        "homebrew-cask": "homebrew-cask",
        "homebrew-core": "homebrew-core",
        "homebrew-depot": "homebrew-depot",
        "nix-darwin": "nix-darwin",
        "nix-homebrew": "nix-homebrew",
        "nixpkgs": "nixpkgs",
        "sops-nix": "sops-nix",
        "treefmt-nix": "treefmt-nix",
        "yazi-bunny": "yazi-bunny",
        "yazi-copy-file-contents": "yazi-copy-file-contents",
        "yazi-flavor-ashen": "yazi-flavor-ashen",
        "yazi-flavor-tokyo-night": "yazi-flavor-tokyo-night",
        "yazi-glow": "yazi-glow",
        "yazi-lazygit": "yazi-lazygit",
        "yazi-open-with-cmd": "yazi-open-with-cmd",
        "yazi-ouch": "yazi-ouch",
        "yazi-plugins": "yazi-plugins",
        "yazi-projects": "yazi-projects",
        "yazi-relative-motions": "yazi-relative-motions",
        "yazi-rich-preview": "yazi-rich-preview",
        "yazi-starship": "yazi-starship",
        "yazi-what-size": "yazi-what-size",
        "zellij-room": "zellij-room",
        "zjstatus": "zjstatus"
      }
    },
    "rust-overlay": {
      "inputs": {
        "nixpkgs": [
          "zjstatus",
          "nixpkgs"
        ]
      },
      "locked": {
        "lastModified": 1765939271,
        "narHash": "sha256-7F/d+ZrTYyOxnBZcleQZjOOEWc1IMXR/CLLRLLsVtHo=",
        "owner": "oxalica",
        "repo": "rust-overlay",
        "rev": "8028944c1339469124639da276d403d8ab7929a8",
        "type": "github"
      },
      "original": {
        "owner": "oxalica",
        "repo": "rust-overlay",
        "type": "github"
      }
    },
    "sops-nix": {
      "inputs": {
        "nixpkgs": [
          "nixpkgs"
        ]
      },
      "locked": {
        "lastModified": 1771889317,
        "narHash": "sha256-YV17Q5lEU0S9ppw08Y+cs4eEQJBuc79AzblFoHORLMU=",
        "owner": "Mic92",
        "repo": "sops-nix",
        "rev": "b027513c32e5b39b59f64626b87fbe168ae02094",
        "type": "github"
      },
      "original": {
        "owner": "Mic92",
        "repo": "sops-nix",
        "type": "github"
      }
    },
    "systems": {
      "locked": {
        "lastModified": 1681028828,
        "narHash": "sha256-Vy1rq5AaRuLzOxct8nz4T6wlgyUR7zLU309k9mBC768=",
        "owner": "nix-systems",
        "repo": "default",
        "rev": "da67096a3b9bf56a91d16901293e51ba5b49a27e",
        "type": "github"
      },
      "original": {
        "owner": "nix-systems",
        "repo": "default",
        "type": "github"
      }
    },
    "treefmt-nix": {
      "inputs": {
        "nixpkgs": [
          "nixpkgs"
        ]
      },
      "locked": {
        "lastModified": 1770228511,
        "narHash": "sha256-wQ6NJSuFqAEmIg2VMnLdCnUc0b7vslUohqqGGD+Fyxk=",
        "owner": "numtide",
        "repo": "treefmt-nix",
        "rev": "337a4fe074be1042a35086f15481d763b8ddc0e7",
        "type": "github"
      },
      "original": {
        "owner": "numtide",
        "repo": "treefmt-nix",
        "type": "github"
      }
    },
    "yazi-bunny": {
      "flake": false,
      "locked": {
        "lastModified": 1767929010,
        "narHash": "sha256-hTD/gW+xdz5rN3e/hyI9U/E17MlKgDd9sTnfES7SxCo=",
        "owner": "stelcodes",
        "repo": "bunny.yazi",
        "rev": "6ee99bc743be6a4cbda3e2e44ca8d59e757c5e51",
        "type": "github"
      },
      "original": {
        "owner": "stelcodes",
        "ref": "6ee99bc",
        "repo": "bunny.yazi",
        "type": "github"
      }
    },
    "yazi-copy-file-contents": {
      "flake": false,
      "locked": {
        "lastModified": 1749319220,
        "narHash": "sha256-JsQJg/SfXLQ/JIpl2YsfzdGpS1ZeWIACJwWTpHaVH3w=",
        "owner": "AnirudhG07",
        "repo": "plugins-yazi",
        "rev": "71545f4ee1a0896c555b3118dc3d2b0a1b92fad9",
        "type": "github"
      },
      "original": {
        "owner": "AnirudhG07",
        "ref": "71545f4",
        "repo": "plugins-yazi",
        "type": "github"
      }
    },
    "yazi-flavor-ashen": {
      "flake": false,
      "locked": {
        "lastModified": 1765067471,
        "narHash": "sha256-i4bXsI0IY6vcLHNTw5Xz7L6Xypaq9YCINMHxMAlmrzU=",
        "owner": "ficcdaf",
        "repo": "ashen",
        "rev": "8add1b80e7efa1cc48b5f32c029836d4194fd8ce",
        "type": "github"
      },
      "original": {
        "owner": "ficcdaf",
        "ref": "8add1b8",
        "repo": "ashen",
        "type": "github"
      }
    },
    "yazi-flavor-tokyo-night": {
      "flake": false,
      "locked": {
        "lastModified": 1767290359,
        "narHash": "sha256-LArhRteD7OQRBguV1n13gb5jkl90sOxShkDzgEf3PA0=",
        "owner": "BennyOe",
        "repo": "tokyo-night.yazi",
        "rev": "8e6296f14daff24151c736ebd0b9b6cd89b02b03",
        "type": "github"
      },
      "original": {
        "owner": "BennyOe",
        "ref": "8e6296f",
        "repo": "tokyo-night.yazi",
        "type": "github"
      }
    },
    "yazi-glow": {
      "flake": false,
      "locked": {
        "lastModified": 1749849023,
        "narHash": "sha256-mzW/ut/LTEriZiWF8YMRXG9hZ70OOC0irl5xObTNO40=",
        "owner": "Reledia",
        "repo": "glow.yazi",
        "rev": "bd3eaa58c065eaf216a8d22d64c62d8e0e9277e9",
        "type": "github"
      },
      "original": {
        "owner": "Reledia",
        "ref": "bd3eaa5",
        "repo": "glow.yazi",
        "type": "github"
      }
    },
    "yazi-lazygit": {
      "flake": false,
      "locked": {
        "lastModified": 1767184705,
        "narHash": "sha256-LcEpzSf0E43hnhOxJ/EHNJRk3Au5hcgRZ2Kj412Ykew=",
        "owner": "Lil-Dank",
        "repo": "lazygit.yazi",
        "rev": "0e56060192d1ccd307664bf93b3d0beb1efe528e",
        "type": "github"
      },
      "original": {
        "owner": "Lil-Dank",
        "ref": "0e56060",
        "repo": "lazygit.yazi",
        "type": "github"
      }
    },
    "yazi-open-with-cmd": {
      "flake": false,
      "locked": {
        "lastModified": 1767706872,
        "narHash": "sha256-vN7zQeGuYN8TPKlA/6+SNFTVsA607z1DJPKXlNFJ9YM=",
        "owner": "Ape",
        "repo": "open-with-cmd.yazi",
        "rev": "e3d430f8b12cb314a1d5744bcf8f76dd56b071e7",
        "type": "github"
      },
      "original": {
        "owner": "Ape",
        "ref": "e3d430f",
        "repo": "open-with-cmd.yazi",
        "type": "github"
      }
    },
    "yazi-ouch": {
      "flake": false,
      "locked": {
        "lastModified": 1767975631,
        "narHash": "sha256-+M0ZFh2jKts5GP9KgKsbpeNe0ldXQGyUZlYjDbp4yhw=",
        "owner": "ndtoan96",
        "repo": "ouch.yazi",
        "rev": "594b8a2b246633d46b03a3261c9aebd1c4b5abf3",
        "type": "github"
      },
      "original": {
        "owner": "ndtoan96",
        "ref": "594b8a2",
        "repo": "ouch.yazi",
        "type": "github"
      }
    },
    "yazi-plugins": {
      "flake": false,
      "locked": {
        "lastModified": 1768294005,
        "narHash": "sha256-z4BO80p61JTEJBTd1VXJ2Oo3bNIk4TdSlUrSOvHpjC4=",
        "owner": "yazi-rs",
        "repo": "plugins",
        "rev": "57f18631fde7ce9b5eb01f9c3996be296dec9a39",
        "type": "github"
      },
      "original": {
        "owner": "yazi-rs",
        "ref": "57f1863",
        "repo": "plugins",
        "type": "github"
      }
    },
    "yazi-projects": {
      "flake": false,
      "locked": {
        "lastModified": 1767201546,
        "narHash": "sha256-5J0eqffUzI0GodpqwzmaQJtfh75kEbbIwbR8pFH/ZmU=",
        "owner": "MasouShizuka",
        "repo": "projects.yazi",
        "rev": "eed0657a833f56ea69f3531c89ecc7bad761d611",
        "type": "github"
      },
      "original": {
        "owner": "MasouShizuka",
        "ref": "eed0657",
        "repo": "projects.yazi",
        "type": "github"
      }
    },
    "yazi-relative-motions": {
      "flake": false,
      "locked": {
        "lastModified": 1752096605,
        "narHash": "sha256-9i6x/VxGOA3bB3FPieB7mQ1zGaMK5wnMhYqsq4CvaM4=",
        "owner": "dedukun",
        "repo": "relative-motions.yazi",
        "rev": "a603d9ea924dfc0610bcf9d3129e7cba605d4501",
        "type": "github"
      },
      "original": {
        "owner": "dedukun",
        "ref": "a603d9e",
        "repo": "relative-motions.yazi",
        "type": "github"
      }
    },
    "yazi-rich-preview": {
      "flake": false,
      "locked": {
        "lastModified": 1767595142,
        "narHash": "sha256-Nla6KUHmdpW4trejrBTrh8jSDi5cu2fIGls24Cfy3pc=",
        "owner": "AnirudhG07",
        "repo": "rich-preview.yazi",
        "rev": "573b275fc0065eea3e8aa2afd07ad59e56ceff57",
        "type": "github"
      },
      "original": {
        "owner": "AnirudhG07",
        "ref": "573b275",
        "repo": "rich-preview.yazi",
        "type": "github"
      }
    },
    "yazi-starship": {
      "flake": false,
      "locked": {
        "lastModified": 1764770713,
        "narHash": "sha256-xcz2+zepICZ3ji0Hm0SSUBSaEpabWUrIdG7JmxUl/ts=",
        "owner": "Rolv-Apneseth",
        "repo": "starship.yazi",
        "rev": "eca186171c5f2011ce62712f95f699308251c749",
        "type": "github"
      },
      "original": {
        "owner": "Rolv-Apneseth",
        "ref": "eca1861",
        "repo": "starship.yazi",
        "type": "github"
      }
    },
    "yazi-what-size": {
      "flake": false,
      "locked": {
        "lastModified": 1767634388,
        "narHash": "sha256-7q/45TopqbojNRvYDmP9+hgSGPmiyLHBcV051qpOB2Y=",
        "owner": "pirafrank",
        "repo": "what-size.yazi",
        "rev": "179ebf69c9c3ade40cacc0f25e9557a43427c6ca",
        "type": "github"
      },
      "original": {
        "owner": "pirafrank",
        "ref": "179ebf6",
        "repo": "what-size.yazi",
        "type": "github"
      }
    },
    "zellij-room": {
      "flake": false,
      "locked": {
        "lastModified": 1731701003,
        "narHash": "sha256-T1JNFJUDCtCjXtZQUe1OQsfL3/BI7FUw60dImlUmLhg=",
        "owner": "rvcas",
        "repo": "room",
        "rev": "fd6dc54a46fb9bce21065ce816189c037aeaf24f",
        "type": "github"
      },
      "original": {
        "owner": "rvcas",
        "ref": "v1.2.0",
        "repo": "room",
        "type": "github"
      }
    },
    "zjstatus": {
      "inputs": {
        "crane": "crane",
        "flake-utils": "flake-utils",
        "nixpkgs": [
          "nixpkgs"
        ],
        "rust-overlay": "rust-overlay"
      },
      "locked": {
        "lastModified": 1766016463,
        "narHash": "sha256-aWp608krMtk5I+c3GXyuHkb6ugah40cBI0R52fNqMiI=",
        "owner": "dj95",
        "repo": "zjstatus",
        "rev": "9a4b88fdceee8eb2b8c28111c53e94254d61c994",
        "type": "github"
      },
      "original": {
        "owner": "dj95",
        "ref": "v0.22.0",
        "repo": "zjstatus",
        "type": "github"
      }
    }
  },
  "root": "root",
  "version": 7
}
