{
  "lockfileVersion": 1,
  "configVersion": 1,
  "workspaces": {
    "": {
      "name": "@dotfiles/factory",
      "dependencies": {
        "@ast-grep/napi": "0.33.1",
        "@effect/cli": "0.72.1",
        "@effect/platform": "0.93.6",
        "@effect/platform-bun": "0.86.0",
        "@effect/platform-node": "0.103.0",
        "@effect/printer": "0.47.0",
        "@effect/printer-ansi": "0.47.0",
        "effect": "3.19.9",
        "handlebars": "4.7.8",
        "oxc-parser": "0.101.0",
        "oxc-transform": "0.101.0",
        "yaml": "2.7.0",
      },
      "devDependencies": {
        "@biomejs/biome": "2.3.8",
        "@types/bun": "1.2.10",
        "typescript": "5.9.3",
      },
    },
  },
  "packages": {
    "@ast-grep/napi": ["@ast-grep/napi@0.33.1", "", { "optionalDependencies": { "@ast-grep/napi-darwin-arm64": "0.33.1", "@ast-grep/napi-darwin-x64": "0.33.1", "@ast-grep/napi-linux-arm64-gnu": "0.33.1", "@ast-grep/napi-linux-arm64-musl": "0.33.1", "@ast-grep/napi-linux-x64-gnu": "0.33.1", "@ast-grep/napi-linux-x64-musl": "0.33.1", "@ast-grep/napi-win32-arm64-msvc": "0.33.1", "@ast-grep/napi-win32-ia32-msvc": "0.33.1", "@ast-grep/napi-win32-x64-msvc": "0.33.1" } }, "sha512-AfUsqmEa8NoYq1QhY2LWKCgKRBrCW89WB2D7t4hhTwXcfBB+CWRtY11vUughpfGLrdyziPst7kpdFzI9TC9Efw=="],

    "@ast-grep/napi-darwin-arm64": ["@ast-grep/napi-darwin-arm64@0.33.1", "", { "os": "darwin", "cpu": "arm64" }, "sha512-HJcjxDhF1THn6VlUMpYFQoZBWWMk3flBJpLEDWLjH3Umk7/4tQvaJeKwhl32Snegj35p9SHGz1cS8D2k1nDsEg=="],

    "@ast-grep/napi-darwin-x64": ["@ast-grep/napi-darwin-x64@0.33.1", "", { "os": "darwin", "cpu": "x64" }, "sha512-Gu3dd+7RZcLyte/xwBX4ErT12GYgGeQGQh6743NffChyVnpwZpj2aWmdkD8gHRKswXz2dp5R01QMCV0G5o8rDQ=="],

    "@ast-grep/napi-linux-arm64-gnu": ["@ast-grep/napi-linux-arm64-gnu@0.33.1", "", { "os": "linux", "cpu": "arm64" }, "sha512-4rvHBtq/0Ziwr93Mp86GQPMMySNHCMXnSIdJqJjTikt/LhJNdxmXtEVadashwxbBGWvcIy8dL6OCBHblzY/3ZQ=="],

    "@ast-grep/napi-linux-arm64-musl": ["@ast-grep/napi-linux-arm64-musl@0.33.1", "", { "os": "linux", "cpu": "arm64" }, "sha512-+vTHYYP8iRG9lZHhcpQRxAuD8CBYXJHFXgsevmnurS/R53r0YjNtrtj6W33e7RYXY5hehmey2Cz/5h6OhdLcJw=="],

    "@ast-grep/napi-linux-x64-gnu": ["@ast-grep/napi-linux-x64-gnu@0.33.1", "", { "os": "linux", "cpu": "x64" }, "sha512-Qm42//ZHIi2XvyvHboRPaNt32v143feG2aCqxZ2qhKJCI33abtH8pW8MF90Ix85d927xYtTwZX/ovOmJ4bghFQ=="],

    "@ast-grep/napi-linux-x64-musl": ["@ast-grep/napi-linux-x64-musl@0.33.1", "", { "os": "linux", "cpu": "x64" }, "sha512-+ye9d8nwgi+f9yhA0NEv5lDcpfIF7xhCcF9FerIKpksX57oI68QWNz1bOWHOuebaf9Wc0hgEtfai7lzcDWcsnA=="],

    "@ast-grep/napi-win32-arm64-msvc": ["@ast-grep/napi-win32-arm64-msvc@0.33.1", "", { "os": "win32", "cpu": "arm64" }, "sha512-0IrPtvqMUJmvmbBN3JcAmUoKUxsWMmrp0VAoJ+zUBHcz3GeWDISgxrUcx1z6edMeF+Ktm0SUG2LfqrzFhUqMyw=="],

    "@ast-grep/napi-win32-ia32-msvc": ["@ast-grep/napi-win32-ia32-msvc@0.33.1", "", { "os": "win32", "cpu": "ia32" }, "sha512-rM6kK19Z9mknXQLZYvIGW1vR472n0dzhexWRM4O8BAL33B4NXA0qa7lX7I3ioHBTOUx0dGW10oNRm3yindUohg=="],

    "@ast-grep/napi-win32-x64-msvc": ["@ast-grep/napi-win32-x64-msvc@0.33.1", "", { "os": "win32", "cpu": "x64" }, "sha512-8ATNhuU28PoUBxSgsPQnPpY+rl8DPEQCuUS55X0BLAvNQwR+Tc4MHHHX1FwjQxLLSAPfd5weiG4XQA+l7sIr0w=="],

    "@biomejs/biome": ["@biomejs/biome@2.3.8", "", { "optionalDependencies": { "@biomejs/cli-darwin-arm64": "2.3.8", "@biomejs/cli-darwin-x64": "2.3.8", "@biomejs/cli-linux-arm64": "2.3.8", "@biomejs/cli-linux-arm64-musl": "2.3.8", "@biomejs/cli-linux-x64": "2.3.8", "@biomejs/cli-linux-x64-musl": "2.3.8", "@biomejs/cli-win32-arm64": "2.3.8", "@biomejs/cli-win32-x64": "2.3.8" }, "bin": { "biome": "bin/biome" } }, "sha512-Qjsgoe6FEBxWAUzwFGFrB+1+M8y/y5kwmg5CHac+GSVOdmOIqsAiXM5QMVGZJ1eCUCLlPZtq4aFAQ0eawEUuUA=="],

    "@biomejs/cli-darwin-arm64": ["@biomejs/cli-darwin-arm64@2.3.8", "", { "os": "darwin", "cpu": "arm64" }, "sha512-HM4Zg9CGQ3txTPflxD19n8MFPrmUAjaC7PQdLkugeeC0cQ+PiVrd7i09gaBS/11QKsTDBJhVg85CEIK9f50Qww=="],

    "@biomejs/cli-darwin-x64": ["@biomejs/cli-darwin-x64@2.3.8", "", { "os": "darwin", "cpu": "x64" }, "sha512-lUDQ03D7y/qEao7RgdjWVGCu+BLYadhKTm40HkpJIi6kn8LSv5PAwRlew/DmwP4YZ9ke9XXoTIQDO1vAnbRZlA=="],

    "@biomejs/cli-linux-arm64": ["@biomejs/cli-linux-arm64@2.3.8", "", { "os": "linux", "cpu": "arm64" }, "sha512-Uo1OJnIkJgSgF+USx970fsM/drtPcQ39I+JO+Fjsaa9ZdCN1oysQmy6oAGbyESlouz+rzEckLTF6DS7cWse95g=="],

    "@biomejs/cli-linux-arm64-musl": ["@biomejs/cli-linux-arm64-musl@2.3.8", "", { "os": "linux", "cpu": "arm64" }, "sha512-PShR4mM0sjksUMyxbyPNMxoKFPVF48fU8Qe8Sfx6w6F42verbwRLbz+QiKNiDPRJwUoMG1nPM50OBL3aOnTevA=="],

    "@biomejs/cli-linux-x64": ["@biomejs/cli-linux-x64@2.3.8", "", { "os": "linux", "cpu": "x64" }, "sha512-QDPMD5bQz6qOVb3kiBui0zKZXASLo0NIQ9JVJio5RveBEFgDgsvJFUvZIbMbUZT3T00M/1wdzwWXk4GIh0KaAw=="],

    "@biomejs/cli-linux-x64-musl": ["@biomejs/cli-linux-x64-musl@2.3.8", "", { "os": "linux", "cpu": "x64" }, "sha512-YGLkqU91r1276uwSjiUD/xaVikdxgV1QpsicT0bIA1TaieM6E5ibMZeSyjQ/izBn4tKQthUSsVZacmoJfa3pDA=="],

    "@biomejs/cli-win32-arm64": ["@biomejs/cli-win32-arm64@2.3.8", "", { "os": "win32", "cpu": "arm64" }, "sha512-H4IoCHvL1fXKDrTALeTKMiE7GGWFAraDwBYFquE/L/5r1927Te0mYIGseXi4F+lrrwhSWbSGt5qPFswNoBaCxg=="],

    "@biomejs/cli-win32-x64": ["@biomejs/cli-win32-x64@2.3.8", "", { "os": "win32", "cpu": "x64" }, "sha512-RguzimPoZWtBapfKhKjcWXBVI91tiSprqdBYu7tWhgN8pKRZhw24rFeNZTNf6UiBfjCYCi9eFQs/JzJZIhuK4w=="],

    "@effect/cli": ["@effect/cli@0.72.1", "", { "dependencies": { "ini": "^4.1.3", "toml": "^3.0.0", "yaml": "^2.5.0" }, "peerDependencies": { "@effect/platform": "^0.93.0", "@effect/printer": "^0.47.0", "@effect/printer-ansi": "^0.47.0", "effect": "^3.19.3" } }, "sha512-HGDMGD23TxFW9tCSX6g+M2u0robikMA0mP0SqeJMj7FWXTdcQ+cQsJE99bxi9iu+5YID7MIrVJMs8TUwXUV2sg=="],

    "@effect/cluster": ["@effect/cluster@0.55.0", "", { "dependencies": { "kubernetes-types": "^1.30.0" }, "peerDependencies": { "@effect/platform": "^0.93.6", "@effect/rpc": "^0.72.2", "@effect/sql": "^0.48.6", "@effect/workflow": "^0.15.0", "effect": "^3.19.8" } }, "sha512-WeLrGpdtWhr4ap3kcW+G+qYyDqzEa65ypPWsU+sNU2gordENsAkxUQqo8taKr114AOk6WE74q0I7iWABcfGlhQ=="],

    "@effect/experimental": ["@effect/experimental@0.57.11", "", { "dependencies": { "uuid": "^11.0.3" }, "peerDependencies": { "@effect/platform": "^0.93.6", "effect": "^3.19.9", "ioredis": "^5", "lmdb": "^3" }, "optionalPeers": ["ioredis", "lmdb"] }, "sha512-M5uug3Drs/gyTHLfA+XzcIZQGUEV/Jn5yi1POki4oZswhpzNmsVTHl4THpxAordRKwa5lFvTSlsRP684YH7pSw=="],

    "@effect/platform": ["@effect/platform@0.93.6", "", { "dependencies": { "find-my-way-ts": "^0.1.6", "msgpackr": "^1.11.4", "multipasta": "^0.2.7" }, "peerDependencies": { "effect": "^3.19.8" } }, "sha512-I5lBGQWzWXP4zlIdPs7z7WHmEFVBQhn+74emr/h16GZX96EEJ6I1rjGaKyZF7mtukbMuo9wEckDPssM8vskZ/w=="],

    "@effect/platform-bun": ["@effect/platform-bun@0.86.0", "", { "dependencies": { "@effect/platform-node-shared": "^0.56.0", "multipasta": "^0.2.7" }, "peerDependencies": { "@effect/cluster": "^0.55.0", "@effect/platform": "^0.93.6", "@effect/rpc": "^0.72.2", "@effect/sql": "^0.48.6", "effect": "^3.19.8" } }, "sha512-wg6eyzIxHuOd87rHjR18T7DjOtQ0dz8/cQD/pvZo8xFBSZ0AoZXqkHOKuU34DIRA4tp+BdBP6wjDDQYNQK/agQ=="],

    "@effect/platform-node": ["@effect/platform-node@0.103.0", "", { "dependencies": { "@effect/platform-node-shared": "^0.56.0", "mime": "^3.0.0", "undici": "^7.10.0", "ws": "^8.18.2" }, "peerDependencies": { "@effect/cluster": "^0.55.0", "@effect/platform": "^0.93.6", "@effect/rpc": "^0.72.2", "@effect/sql": "^0.48.6", "effect": "^3.19.8" } }, "sha512-N2JmOvHInHAC+JFdt+ME8/Pn9vdgBwYTTcqlSXkT+mBzq6fAKdwHkXHoFUMbk8bWtJGx70oezLLEetatjsveaA=="],

    "@effect/platform-node-shared": ["@effect/platform-node-shared@0.56.0", "", { "dependencies": { "@parcel/watcher": "^2.5.1", "multipasta": "^0.2.7", "ws": "^8.18.2" }, "peerDependencies": { "@effect/cluster": "^0.55.0", "@effect/platform": "^0.93.6", "@effect/rpc": "^0.72.2", "@effect/sql": "^0.48.6", "effect": "^3.19.8" } }, "sha512-0RawLcUCLHVGs4ch1nY26P4xM+U6R03ZR02MgNHMsL0slh8YYlal5PnwD/852rJ59O9prQX3Kq8zs+cGVoLAJw=="],

    "@effect/printer": ["@effect/printer@0.47.0", "", { "peerDependencies": { "@effect/typeclass": "^0.38.0", "effect": "^3.19.0" } }, "sha512-VgR8e+YWWhMEAh9qFOjwiZ3OXluAbcVLIOtvp2S5di1nSrPOZxj78g8LE77JSvyfp5y5bS2gmFW+G7xD5uU+2Q=="],

    "@effect/printer-ansi": ["@effect/printer-ansi@0.47.0", "", { "dependencies": { "@effect/printer": "^0.47.0" }, "peerDependencies": { "@effect/typeclass": "^0.38.0", "effect": "^3.19.0" } }, "sha512-tDEQ9XJpXDNYoWMQJHFRMxKGmEOu6z32x3Kb8YLOV5nkauEKnKmWNs7NBp8iio/pqoJbaSwqDwUg9jXVquxfWQ=="],

    "@effect/rpc": ["@effect/rpc@0.72.2", "", { "dependencies": { "msgpackr": "^1.11.4" }, "peerDependencies": { "@effect/platform": "^0.93.3", "effect": "^3.19.5" } }, "sha512-BmTXybXCOq96D2r9mvSW/YdiTQs5CStnd4II+lfVKrMr3pMNERKLZ2LG37Tfm4Sy3Q8ire6IVVKO/CN+VR0uQQ=="],

    "@effect/sql": ["@effect/sql@0.48.6", "", { "dependencies": { "uuid": "^11.0.3" }, "peerDependencies": { "@effect/experimental": "^0.57.9", "@effect/platform": "^0.93.6", "effect": "^3.19.8" } }, "sha512-OBIG/DYFxYTA9EXXhqi6sAcX0YLz8Huu8L+wj3a0aOSRPpHm9HkL9a5lacRPPvrVl31rKcEteGa/lO6n26gIFg=="],

    "@effect/typeclass": ["@effect/typeclass@0.38.0", "", { "peerDependencies": { "effect": "^3.19.0" } }, "sha512-lMUcJTRtG8KXhXoczapZDxbLK5os7M6rn0zkvOgncJW++A0UyelZfMVMKdT5R+fgpZcsAU/1diaqw3uqLJwGxA=="],

    "@effect/workflow": ["@effect/workflow@0.15.1", "", { "peerDependencies": { "@effect/experimental": "^0.57.10", "@effect/platform": "^0.93.6", "@effect/rpc": "^0.72.2", "effect": "^3.19.8" } }, "sha512-qJ/dxW2/Zxxds7dfBcDe9aWQsokFIgw1clasiKUFa6eKnLw3yP5OWjMd4tKxc2R2g4F2k/7aa5USC1MkmDkZ6Q=="],

    "@emnapi/core": ["@emnapi/core@1.7.1", "", { "dependencies": { "@emnapi/wasi-threads": "1.1.0", "tslib": "^2.4.0" } }, "sha512-o1uhUASyo921r2XtHYOHy7gdkGLge8ghBEQHMWmyJFoXlpU58kIrhhN3w26lpQb6dspetweapMn2CSNwQ8I4wg=="],

    "@emnapi/runtime": ["@emnapi/runtime@1.7.1", "", { "dependencies": { "tslib": "^2.4.0" } }, "sha512-PVtJr5CmLwYAU9PZDMITZoR5iAOShYREoR45EyyLrbntV50mdePTgUn4AmOw90Ifcj+x2kRjdzr1HP3RrNiHGA=="],

    "@emnapi/wasi-threads": ["@emnapi/wasi-threads@1.1.0", "", { "dependencies": { "tslib": "^2.4.0" } }, "sha512-WI0DdZ8xFSbgMjR1sFsKABJ/C5OnRrjT06JXbZKexJGrDuPTzZdDYfFlsgcCXCyf+suG5QU2e/y1Wo2V/OapLQ=="],

    "@msgpackr-extract/msgpackr-extract-darwin-arm64": ["@msgpackr-extract/msgpackr-extract-darwin-arm64@3.0.3", "", { "os": "darwin", "cpu": "arm64" }, "sha512-QZHtlVgbAdy2zAqNA9Gu1UpIuI8Xvsd1v8ic6B2pZmeFnFcMWiPLfWXh7TVw4eGEZ/C9TH281KwhVoeQUKbyjw=="],

    "@msgpackr-extract/msgpackr-extract-darwin-x64": ["@msgpackr-extract/msgpackr-extract-darwin-x64@3.0.3", "", { "os": "darwin", "cpu": "x64" }, "sha512-mdzd3AVzYKuUmiWOQ8GNhl64/IoFGol569zNRdkLReh6LRLHOXxU4U8eq0JwaD8iFHdVGqSy4IjFL4reoWCDFw=="],

    "@msgpackr-extract/msgpackr-extract-linux-arm": ["@msgpackr-extract/msgpackr-extract-linux-arm@3.0.3", "", { "os": "linux", "cpu": "arm" }, "sha512-fg0uy/dG/nZEXfYilKoRe7yALaNmHoYeIoJuJ7KJ+YyU2bvY8vPv27f7UKhGRpY6euFYqEVhxCFZgAUNQBM3nw=="],

    "@msgpackr-extract/msgpackr-extract-linux-arm64": ["@msgpackr-extract/msgpackr-extract-linux-arm64@3.0.3", "", { "os": "linux", "cpu": "arm64" }, "sha512-YxQL+ax0XqBJDZiKimS2XQaf+2wDGVa1enVRGzEvLLVFeqa5kx2bWbtcSXgsxjQB7nRqqIGFIcLteF/sHeVtQg=="],

    "@msgpackr-extract/msgpackr-extract-linux-x64": ["@msgpackr-extract/msgpackr-extract-linux-x64@3.0.3", "", { "os": "linux", "cpu": "x64" }, "sha512-cvwNfbP07pKUfq1uH+S6KJ7dT9K8WOE4ZiAcsrSes+UY55E/0jLYc+vq+DO7jlmqRb5zAggExKm0H7O/CBaesg=="],

    "@msgpackr-extract/msgpackr-extract-win32-x64": ["@msgpackr-extract/msgpackr-extract-win32-x64@3.0.3", "", { "os": "win32", "cpu": "x64" }, "sha512-x0fWaQtYp4E6sktbsdAqnehxDgEc/VwM7uLsRCYWaiGu0ykYdZPiS8zCWdnjHwyiumousxfBm4SO31eXqwEZhQ=="],

    "@napi-rs/wasm-runtime": ["@napi-rs/wasm-runtime@1.1.0", "", { "dependencies": { "@emnapi/core": "^1.7.1", "@emnapi/runtime": "^1.7.1", "@tybys/wasm-util": "^0.10.1" } }, "sha512-Fq6DJW+Bb5jaWE69/qOE0D1TUN9+6uWhCeZpdnSBk14pjLcCWR7Q8n49PTSPHazM37JqrsdpEthXy2xn6jWWiA=="],

    "@oxc-parser/binding-android-arm64": ["@oxc-parser/binding-android-arm64@0.101.0", "", { "os": "android", "cpu": "arm64" }, "sha512-dh1thtigwmLtJTF3BbgC+5lucGYdBAsnLE02scOSOZpiaEcsl5acMwwPBlhjHrHGWS/xBRz53Z178ilO0q+sWg=="],

    "@oxc-parser/binding-darwin-arm64": ["@oxc-parser/binding-darwin-arm64@0.101.0", "", { "os": "darwin", "cpu": "arm64" }, "sha512-DCy7zJDxHo7iT9Y8eDSvBt4HN5pOSb+8y+eJv5Kq8plMQF5oatcu5ZvHvP6Hij3jRNBgpwTC4vWLdND7l/zsCA=="],

    "@oxc-parser/binding-darwin-x64": ["@oxc-parser/binding-darwin-x64@0.101.0", "", { "os": "darwin", "cpu": "x64" }, "sha512-M5oPJFQ/B7wXOjL8r/qezIngLdypH8aCsJx2cb94Eo/gGix0AgEr9ojVF1P/3kJu2Oi/prZf5Cgf0XfbRfm9Gw=="],

    "@oxc-parser/binding-freebsd-x64": ["@oxc-parser/binding-freebsd-x64@0.101.0", "", { "os": "freebsd", "cpu": "x64" }, "sha512-IG9smLrG7jh/VjKR7haW07+cC0cxq9i74iTNmS73cKo43VrfFxce6f+qXPaZj8EDizoFDqn5imWOb8tc2dBxTA=="],

    "@oxc-parser/binding-linux-arm-gnueabihf": ["@oxc-parser/binding-linux-arm-gnueabihf@0.101.0", "", { "os": "linux", "cpu": "arm" }, "sha512-AW8JrXyf2e9y4KlF5cFFYyD1+eKp1PSUKeg5FUevAn5QBFjr/IO2iZ+bLkK66M4z/oRma62pFjo3ubVEggenVw=="],

    "@oxc-parser/binding-linux-arm64-gnu": ["@oxc-parser/binding-linux-arm64-gnu@0.101.0", "", { "os": "linux", "cpu": "arm64" }, "sha512-c7myby84UFxRqGPM0wEhdIqz0Ta4GZHoj0IVUSYNNar4j0Cmll1H/f/43cJGj2EwL4sDVDPRrF526JwJIHOZYg=="],

    "@oxc-parser/binding-linux-arm64-musl": ["@oxc-parser/binding-linux-arm64-musl@0.101.0", "", { "os": "linux", "cpu": "arm64" }, "sha512-LZ7o9sFafyIVOwpHQkEPyF3EfZYzGWXNkzznSSASlHxoyo/Uk3EIqL1B2UG0bWxHsz7nNIhv9ItyfGm+/7QHXQ=="],

    "@oxc-parser/binding-linux-riscv64-gnu": ["@oxc-parser/binding-linux-riscv64-gnu@0.101.0", "", { "os": "linux", "cpu": "none" }, "sha512-3LyKucFn9Yu9IggO4FPkbaghcMvr+fWO3krdcQBm6MDZiRsx8c+xcqmGji8l4evaAA6oHFg3eYNKsFgjQoHnkA=="],

    "@oxc-parser/binding-linux-s390x-gnu": ["@oxc-parser/binding-linux-s390x-gnu@0.101.0", "", { "os": "linux", "cpu": "s390x" }, "sha512-TCJhU5WTdvua4IMXz67CUESbxYZT9Adyt9KhKC+7H6hcjCJd111kTMG5AIqegeaZjxs7tDCyDCtymvKtD6BvCg=="],

    "@oxc-parser/binding-linux-x64-gnu": ["@oxc-parser/binding-linux-x64-gnu@0.101.0", "", { "os": "linux", "cpu": "x64" }, "sha512-owQQTlvFDn496Rcx+aHvxcaVHeX/iQX2zNYB9mh8XywIyO1QLhOVDxNHrFYnbMoXGNnwXnN4CPtpYXPuMS338g=="],

    "@oxc-parser/binding-linux-x64-musl": ["@oxc-parser/binding-linux-x64-musl@0.101.0", "", { "os": "linux", "cpu": "x64" }, "sha512-NcGgxNoVM/cjTqbMsq8olHWV0obfCnTYic/d12c49e0p8CV412xOrB1C9dXO8POd1evrrIIXCeMaroliRgl9/w=="],

    "@oxc-parser/binding-openharmony-arm64": ["@oxc-parser/binding-openharmony-arm64@0.101.0", "", { "os": "none", "cpu": "arm64" }, "sha512-pLTLWauhjrNq7dn+l1316Q98k4SCSlLFfhor0evbA+e0pPDrxQvCL0K4Jfn+zLTV086f9SD3/XJ3rHVE91UiJw=="],

    "@oxc-parser/binding-wasm32-wasi": ["@oxc-parser/binding-wasm32-wasi@0.101.0", "", { "dependencies": { "@napi-rs/wasm-runtime": "^1.0.7" }, "cpu": "none" }, "sha512-6jZ5fDUOlHICoTpcz7oHKyy3mF7RfM/hmSMnY1/b99Z+7hFql4yNlyHJ0RS1lS11H3V2qzxXXWXocGlOz3qmWw=="],

    "@oxc-parser/binding-win32-arm64-msvc": ["@oxc-parser/binding-win32-arm64-msvc@0.101.0", "", { "os": "win32", "cpu": "arm64" }, "sha512-BRcLSzo0NZUSB5vJTW9NEnnIHOYLfiOVgXl+a0Hbv7sr/3xl3E4arkx/btNL441uDSEPFtrM1rcclpICDuYhlA=="],

    "@oxc-parser/binding-win32-x64-msvc": ["@oxc-parser/binding-win32-x64-msvc@0.101.0", "", { "os": "win32", "cpu": "x64" }, "sha512-HF6deX1VgbzVXl+v/7j02uQKXJtUtMhIQQMbmTg1wZVDbSOPgIVdwrOqUhSdaCt7gnbiD4KR3TAI1tJgqY8LxQ=="],

    "@oxc-project/types": ["@oxc-project/types@0.101.0", "", {}, "sha512-nuFhqlUzJX+gVIPPfuE6xurd4lST3mdcWOhyK/rZO0B9XWMKm79SuszIQEnSMmmDhq1DC8WWVYGVd+6F93o1gQ=="],

    "@oxc-transform/binding-android-arm64": ["@oxc-transform/binding-android-arm64@0.101.0", "", { "os": "android", "cpu": "arm64" }, "sha512-lT+hqOzjIV2AtbKyRVyRGXyHuFO6+MBRtISENcSDWZsjATDSUtLf1RfKW7V7+iF8BFlmTlxdmsaSJCtevESIlA=="],

    "@oxc-transform/binding-darwin-arm64": ["@oxc-transform/binding-darwin-arm64@0.101.0", "", { "os": "darwin", "cpu": "arm64" }, "sha512-qZpGsns3Hb/plFVyyoh2j49I7rag0Taw/y1WDC27a2Lzcmp5FnBv3FX+Zyo4cf9j8y7DSuMNoffvhcBI4Q4mcQ=="],

    "@oxc-transform/binding-darwin-x64": ["@oxc-transform/binding-darwin-x64@0.101.0", "", { "os": "darwin", "cpu": "x64" }, "sha512-nv1PmUP/MiQruFxEmaCVhvgacEOL1cfZiTynjaa855YUSSbKqwzoEDV3m6eqrCiYwVhRRdMj4KvbrhO9Mnx7sA=="],

    "@oxc-transform/binding-freebsd-x64": ["@oxc-transform/binding-freebsd-x64@0.101.0", "", { "os": "freebsd", "cpu": "x64" }, "sha512-Xwv1OH0ekowrIhvbimOsOjhKYlK1wTeAQNS0tXD6VTHmulLaAohu7AsehoP+wBL1bJtZznmXOokBt72NwRtk2Q=="],

    "@oxc-transform/binding-linux-arm-gnueabihf": ["@oxc-transform/binding-linux-arm-gnueabihf@0.101.0", "", { "os": "linux", "cpu": "arm" }, "sha512-N79DO6eWwhQqMvd4LOuRPJj3tciFGlC9opxpY6MOdmCgOw2FDkA01411FNQvuGh/vNe2FyZqx/dsH5mxH5prRw=="],

    "@oxc-transform/binding-linux-arm64-gnu": ["@oxc-transform/binding-linux-arm64-gnu@0.101.0", "", { "os": "linux", "cpu": "arm64" }, "sha512-xYJAhFZFJy/vQZgDMAHYJiS92D8eIA6V6b6+9U2f9JwwoGwrJmcIOJXZNiaAzwZY+eIs2yf2H3Z0ijGh/bYSwg=="],

    "@oxc-transform/binding-linux-arm64-musl": ["@oxc-transform/binding-linux-arm64-musl@0.101.0", "", { "os": "linux", "cpu": "arm64" }, "sha512-SNsXOj3w7FHRJVcaRb9gT5RC9xxmRzkQLmYQx/Y2Ve70uOFNByr5Hrt4aaREjs7LtU1PQAHuYmfe3AHGESOPjQ=="],

    "@oxc-transform/binding-linux-riscv64-gnu": ["@oxc-transform/binding-linux-riscv64-gnu@0.101.0", "", { "os": "linux", "cpu": "none" }, "sha512-vXktY7rDZqR+jARqyyoro8hDfESAUtIQPbRgChbsIYyQ6pOqhiiNqLmZAMkW3EhKc68vUoBXGCoNQbpILsjb6w=="],

    "@oxc-transform/binding-linux-s390x-gnu": ["@oxc-transform/binding-linux-s390x-gnu@0.101.0", "", { "os": "linux", "cpu": "s390x" }, "sha512-ZU9RPoBdvu+aKgqaK04NEAYabZpdUyE2hynENZ+sVvfkU8Ywl4cM6wjo04aJYV0jZj2ETITJQSYba5t0P+hKPA=="],

    "@oxc-transform/binding-linux-x64-gnu": ["@oxc-transform/binding-linux-x64-gnu@0.101.0", "", { "os": "linux", "cpu": "x64" }, "sha512-xSiZUfUpjcxWehC1cDOFjk4kHvKEvKLOmIyoYI85e60FCLMe0XcWzfnh3lHxccuhA+Mcu4K1wpTHb4uJ2WcVAQ=="],

    "@oxc-transform/binding-linux-x64-musl": ["@oxc-transform/binding-linux-x64-musl@0.101.0", "", { "os": "linux", "cpu": "x64" }, "sha512-9RXKmQMWqz17Oiv6jYcPewaaI6JcbIJ7ZK05v3PhrpGVDzpc82oV8HS4w5EMZ2v6Th2t+2U7RVQFF+oefRgctg=="],

    "@oxc-transform/binding-openharmony-arm64": ["@oxc-transform/binding-openharmony-arm64@0.101.0", "", { "os": "none", "cpu": "arm64" }, "sha512-7fgo6noOzQVrwOsI4mcUdBY726PesLn5coF/FRooUrOR6wWeZkQnZXGcNto+8uCUcY32r1q8dbNNaQjJzainuA=="],

    "@oxc-transform/binding-wasm32-wasi": ["@oxc-transform/binding-wasm32-wasi@0.101.0", "", { "dependencies": { "@napi-rs/wasm-runtime": "^1.0.7" }, "cpu": "none" }, "sha512-9u5kFAL6wUGY8Z8zH0fSEPCnJW/tEPRFh+G2xBoRbjqmkjyOhlxSM3qgZ6Gc4hKIrpcNAUEIL74ZS6Jw2XcvJg=="],

    "@oxc-transform/binding-win32-arm64-msvc": ["@oxc-transform/binding-win32-arm64-msvc@0.101.0", "", { "os": "win32", "cpu": "arm64" }, "sha512-uApeorjS6V9/QQOjranp4p27y49yh9aW/rKiExCm2Iw3377FwZ/ic0homfvuW+S9duFFXVYAMDkeKM+4yj/blQ=="],

    "@oxc-transform/binding-win32-x64-msvc": ["@oxc-transform/binding-win32-x64-msvc@0.101.0", "", { "os": "win32", "cpu": "x64" }, "sha512-rKVXD87+8dyHX77qFuv9ByTvYCPNhHw+x61QomUg3Qz5DAz1yRmcYVMhT9ICQRFwe/k9ZJ25z7+pM9Es4UPViA=="],

    "@parcel/watcher": ["@parcel/watcher@2.5.1", "", { "dependencies": { "detect-libc": "^1.0.3", "is-glob": "^4.0.3", "micromatch": "^4.0.5", "node-addon-api": "^7.0.0" }, "optionalDependencies": { "@parcel/watcher-android-arm64": "2.5.1", "@parcel/watcher-darwin-arm64": "2.5.1", "@parcel/watcher-darwin-x64": "2.5.1", "@parcel/watcher-freebsd-x64": "2.5.1", "@parcel/watcher-linux-arm-glibc": "2.5.1", "@parcel/watcher-linux-arm-musl": "2.5.1", "@parcel/watcher-linux-arm64-glibc": "2.5.1", "@parcel/watcher-linux-arm64-musl": "2.5.1", "@parcel/watcher-linux-x64-glibc": "2.5.1", "@parcel/watcher-linux-x64-musl": "2.5.1", "@parcel/watcher-win32-arm64": "2.5.1", "@parcel/watcher-win32-ia32": "2.5.1", "@parcel/watcher-win32-x64": "2.5.1" } }, "sha512-dfUnCxiN9H4ap84DvD2ubjw+3vUNpstxa0TneY/Paat8a3R4uQZDLSvWjmznAY/DoahqTHl9V46HF/Zs3F29pg=="],

    "@parcel/watcher-android-arm64": ["@parcel/watcher-android-arm64@2.5.1", "", { "os": "android", "cpu": "arm64" }, "sha512-KF8+j9nNbUN8vzOFDpRMsaKBHZ/mcjEjMToVMJOhTozkDonQFFrRcfdLWn6yWKCmJKmdVxSgHiYvTCef4/qcBA=="],

    "@parcel/watcher-darwin-arm64": ["@parcel/watcher-darwin-arm64@2.5.1", "", { "os": "darwin", "cpu": "arm64" }, "sha512-eAzPv5osDmZyBhou8PoF4i6RQXAfeKL9tjb3QzYuccXFMQU0ruIc/POh30ePnaOyD1UXdlKguHBmsTs53tVoPw=="],

    "@parcel/watcher-darwin-x64": ["@parcel/watcher-darwin-x64@2.5.1", "", { "os": "darwin", "cpu": "x64" }, "sha512-1ZXDthrnNmwv10A0/3AJNZ9JGlzrF82i3gNQcWOzd7nJ8aj+ILyW1MTxVk35Db0u91oD5Nlk9MBiujMlwmeXZg=="],

    "@parcel/watcher-freebsd-x64": ["@parcel/watcher-freebsd-x64@2.5.1", "", { "os": "freebsd", "cpu": "x64" }, "sha512-SI4eljM7Flp9yPuKi8W0ird8TI/JK6CSxju3NojVI6BjHsTyK7zxA9urjVjEKJ5MBYC+bLmMcbAWlZ+rFkLpJQ=="],

    "@parcel/watcher-linux-arm-glibc": ["@parcel/watcher-linux-arm-glibc@2.5.1", "", { "os": "linux", "cpu": "arm" }, "sha512-RCdZlEyTs8geyBkkcnPWvtXLY44BCeZKmGYRtSgtwwnHR4dxfHRG3gR99XdMEdQ7KeiDdasJwwvNSF5jKtDwdA=="],

    "@parcel/watcher-linux-arm-musl": ["@parcel/watcher-linux-arm-musl@2.5.1", "", { "os": "linux", "cpu": "arm" }, "sha512-6E+m/Mm1t1yhB8X412stiKFG3XykmgdIOqhjWj+VL8oHkKABfu/gjFj8DvLrYVHSBNC+/u5PeNrujiSQ1zwd1Q=="],

    "@parcel/watcher-linux-arm64-glibc": ["@parcel/watcher-linux-arm64-glibc@2.5.1", "", { "os": "linux", "cpu": "arm64" }, "sha512-LrGp+f02yU3BN9A+DGuY3v3bmnFUggAITBGriZHUREfNEzZh/GO06FF5u2kx8x+GBEUYfyTGamol4j3m9ANe8w=="],

    "@parcel/watcher-linux-arm64-musl": ["@parcel/watcher-linux-arm64-musl@2.5.1", "", { "os": "linux", "cpu": "arm64" }, "sha512-cFOjABi92pMYRXS7AcQv9/M1YuKRw8SZniCDw0ssQb/noPkRzA+HBDkwmyOJYp5wXcsTrhxO0zq1U11cK9jsFg=="],

    "@parcel/watcher-linux-x64-glibc": ["@parcel/watcher-linux-x64-glibc@2.5.1", "", { "os": "linux", "cpu": "x64" }, "sha512-GcESn8NZySmfwlTsIur+49yDqSny2IhPeZfXunQi48DMugKeZ7uy1FX83pO0X22sHntJ4Ub+9k34XQCX+oHt2A=="],

    "@parcel/watcher-linux-x64-musl": ["@parcel/watcher-linux-x64-musl@2.5.1", "", { "os": "linux", "cpu": "x64" }, "sha512-n0E2EQbatQ3bXhcH2D1XIAANAcTZkQICBPVaxMeaCVBtOpBZpWJuf7LwyWPSBDITb7In8mqQgJ7gH8CILCURXg=="],

    "@parcel/watcher-win32-arm64": ["@parcel/watcher-win32-arm64@2.5.1", "", { "os": "win32", "cpu": "arm64" }, "sha512-RFzklRvmc3PkjKjry3hLF9wD7ppR4AKcWNzH7kXR7GUe0Igb3Nz8fyPwtZCSquGrhU5HhUNDr/mKBqj7tqA2Vw=="],

    "@parcel/watcher-win32-ia32": ["@parcel/watcher-win32-ia32@2.5.1", "", { "os": "win32", "cpu": "ia32" }, "sha512-c2KkcVN+NJmuA7CGlaGD1qJh1cLfDnQsHjE89E60vUEMlqduHGCdCLJCID5geFVM0dOtA3ZiIO8BoEQmzQVfpQ=="],

    "@parcel/watcher-win32-x64": ["@parcel/watcher-win32-x64@2.5.1", "", { "os": "win32", "cpu": "x64" }, "sha512-9lHBdJITeNR++EvSQVUcaZoWupyHfXe1jZvGZ06O/5MflPcuPLtEphScIBL+AiCWBO46tDSHzWyD0uDmmZqsgA=="],

    "@standard-schema/spec": ["@standard-schema/spec@1.0.0", "", {}, "sha512-m2bOd0f2RT9k8QJx1JN85cZYyH1RqFBdlwtkSlf4tBDYLCiiZnv1fIIwacK6cqwXavOydf0NPToMQgpKq+dVlA=="],

    "@tybys/wasm-util": ["@tybys/wasm-util@0.10.1", "", { "dependencies": { "tslib": "^2.4.0" } }, "sha512-9tTaPJLSiejZKx+Bmog4uSubteqTvFrVrURwkmHixBo0G4seD0zUxp98E1DzUBJxLQ3NPwXrGKDiVjwx/DpPsg=="],

    "@types/bun": ["@types/bun@1.2.10", "", { "dependencies": { "bun-types": "1.2.10" } }, "sha512-eilv6WFM3M0c9ztJt7/g80BDusK98z/FrFwseZgT4bXCq2vPhXD4z8R3oddmAn+R/Nmz9vBn4kweJKmGTZj+lg=="],

    "@types/node": ["@types/node@24.10.1", "", { "dependencies": { "undici-types": "~7.16.0" } }, "sha512-GNWcUTRBgIRJD5zj+Tq0fKOJ5XZajIiBroOF0yvj2bSU1WvNdYS/dn9UxwsujGW4JX06dnHyjV2y9rRaybH0iQ=="],

    "braces": ["braces@3.0.3", "", { "dependencies": { "fill-range": "^7.1.1" } }, "sha512-yQbXgO/OSZVD2IsiLlro+7Hf6Q18EJrKSEsdoMzKePKXct3gvD8oLcOQdIzGupr5Fj+EDe8gO/lxc1BzfMpxvA=="],

    "bun-types": ["bun-types@1.2.10", "", { "dependencies": { "@types/node": "*" } }, "sha512-b5ITZMnVdf3m1gMvJHG+gIfeJHiQPJak0f7925Hxu6ZN5VKA8AGy4GZ4lM+Xkn6jtWxg5S3ldWvfmXdvnkp3GQ=="],

    "detect-libc": ["detect-libc@1.0.3", "", { "bin": { "detect-libc": "./bin/detect-libc.js" } }, "sha512-pGjwhsmsp4kL2RTz08wcOlGN83otlqHeD/Z5T8GXZB+/YcpQ/dgo+lbU8ZsGxV0HIvqqxo9l7mqYwyYMD9bKDg=="],

    "effect": ["effect@3.19.9", "", { "dependencies": { "@standard-schema/spec": "^1.0.0", "fast-check": "^3.23.1" } }, "sha512-taMXnfG/p+j7AmMOHHQaCHvjqwu9QBO3cxuZqL2dMG/yWcEMw0ZHruHe9B49OxtfKH/vKKDDKRhZ+1GJ2p5R5w=="],

    "fast-check": ["fast-check@3.23.2", "", { "dependencies": { "pure-rand": "^6.1.0" } }, "sha512-h5+1OzzfCC3Ef7VbtKdcv7zsstUQwUDlYpUTvjeUsJAssPgLn7QzbboPtL5ro04Mq0rPOsMzl7q5hIbRs2wD1A=="],

    "fill-range": ["fill-range@7.1.1", "", { "dependencies": { "to-regex-range": "^5.0.1" } }, "sha512-YsGpe3WHLK8ZYi4tWDg2Jy3ebRz2rXowDxnld4bkQB00cc/1Zw9AWnC0i9ztDJitivtQvaI9KaLyKrc+hBW0yg=="],

    "find-my-way-ts": ["find-my-way-ts@0.1.6", "", {}, "sha512-a85L9ZoXtNAey3Y6Z+eBWW658kO/MwR7zIafkIUPUMf3isZG0NCs2pjW2wtjxAKuJPxMAsHUIP4ZPGv0o5gyTA=="],

    "handlebars": ["handlebars@4.7.8", "", { "dependencies": { "minimist": "^1.2.5", "neo-async": "^2.6.2", "source-map": "^0.6.1", "wordwrap": "^1.0.0" }, "optionalDependencies": { "uglify-js": "^3.1.4" }, "bin": { "handlebars": "bin/handlebars" } }, "sha512-vafaFqs8MZkRrSX7sFVUdo3ap/eNiLnb4IakshzvP56X5Nr1iGKAIqdX6tMlm6HcNRIkr6AxO5jFEoJzzpT8aQ=="],

    "ini": ["ini@4.1.3", "", {}, "sha512-X7rqawQBvfdjS10YU1y1YVreA3SsLrW9dX2CewP2EbBJM4ypVNLDkO5y04gejPwKIY9lR+7r9gn3rFPt/kmWFg=="],

    "is-extglob": ["is-extglob@2.1.1", "", {}, "sha512-SbKbANkN603Vi4jEZv49LeVJMn4yGwsbzZworEoyEiutsN3nJYdbO36zfhGJ6QEDpOZIFkDtnq5JRxmvl3jsoQ=="],

    "is-glob": ["is-glob@4.0.3", "", { "dependencies": { "is-extglob": "^2.1.1" } }, "sha512-xelSayHH36ZgE7ZWhli7pW34hNbNl8Ojv5KVmkJD4hBdD3th8Tfk9vYasLM+mXWOZhFkgZfxhLSnrwRr4elSSg=="],

    "is-number": ["is-number@7.0.0", "", {}, "sha512-41Cifkg6e8TylSpdtTpeLVMqvSBEVzTttHvERD741+pnZ8ANv0004MRL43QKPDlK9cGvNp6NZWZUBlbGXYxxng=="],

    "kubernetes-types": ["kubernetes-types@1.30.0", "", {}, "sha512-Dew1okvhM/SQcIa2rcgujNndZwU8VnSapDgdxlYoB84ZlpAD43U6KLAFqYo17ykSFGHNPrg0qry0bP+GJd9v7Q=="],

    "micromatch": ["micromatch@4.0.8", "", { "dependencies": { "braces": "^3.0.3", "picomatch": "^2.3.1" } }, "sha512-PXwfBhYu0hBCPw8Dn0E+WDYb7af3dSLVWKi3HGv84IdF4TyFoC0ysxFd0Goxw7nSv4T/PzEJQxsYsEiFCKo2BA=="],

    "mime": ["mime@3.0.0", "", { "bin": { "mime": "cli.js" } }, "sha512-jSCU7/VB1loIWBZe14aEYHU/+1UMEHoaO7qxCOVJOw9GgH72VAWppxNcjU+x9a2k3GSIBXNKxXQFqRvvZ7vr3A=="],

    "minimist": ["minimist@1.2.8", "", {}, "sha512-2yyAR8qBkN3YuheJanUpWC5U3bb5osDywNB8RzDVlDwDHbocAJveqqj1u8+SVD7jkWT4yvsHCpWqqWqAxb0zCA=="],

    "msgpackr": ["msgpackr@1.11.5", "", { "optionalDependencies": { "msgpackr-extract": "^3.0.2" } }, "sha512-UjkUHN0yqp9RWKy0Lplhh+wlpdt9oQBYgULZOiFhV3VclSF1JnSQWZ5r9gORQlNYaUKQoR8itv7g7z1xDDuACA=="],

    "msgpackr-extract": ["msgpackr-extract@3.0.3", "", { "dependencies": { "node-gyp-build-optional-packages": "5.2.2" }, "optionalDependencies": { "@msgpackr-extract/msgpackr-extract-darwin-arm64": "3.0.3", "@msgpackr-extract/msgpackr-extract-darwin-x64": "3.0.3", "@msgpackr-extract/msgpackr-extract-linux-arm": "3.0.3", "@msgpackr-extract/msgpackr-extract-linux-arm64": "3.0.3", "@msgpackr-extract/msgpackr-extract-linux-x64": "3.0.3", "@msgpackr-extract/msgpackr-extract-win32-x64": "3.0.3" }, "bin": { "download-msgpackr-prebuilds": "bin/download-prebuilds.js" } }, "sha512-P0efT1C9jIdVRefqjzOQ9Xml57zpOXnIuS+csaB4MdZbTdmGDLo8XhzBG1N7aO11gKDDkJvBLULeFTo46wwreA=="],

    "multipasta": ["multipasta@0.2.7", "", {}, "sha512-KPA58d68KgGil15oDqXjkUBEBYc00XvbPj5/X+dyzeo/lWm9Nc25pQRlf1D+gv4OpK7NM0J1odrbu9JNNGvynA=="],

    "neo-async": ["neo-async@2.6.2", "", {}, "sha512-Yd3UES5mWCSqR+qNT93S3UoYUkqAZ9lLg8a7g9rimsWmYGK8cVToA4/sF3RrshdyV3sAGMXVUmpMYOw+dLpOuw=="],

    "node-addon-api": ["node-addon-api@7.1.1", "", {}, "sha512-5m3bsyrjFWE1xf7nz7YXdN4udnVtXK6/Yfgn5qnahL6bCkf2yKt4k3nuTKAtT4r3IG8JNR2ncsIMdZuAzJjHQQ=="],

    "node-gyp-build-optional-packages": ["node-gyp-build-optional-packages@5.2.2", "", { "dependencies": { "detect-libc": "^2.0.1" }, "bin": { "node-gyp-build-optional-packages": "bin.js", "node-gyp-build-optional-packages-optional": "optional.js", "node-gyp-build-optional-packages-test": "build-test.js" } }, "sha512-s+w+rBWnpTMwSFbaE0UXsRlg7hU4FjekKU4eyAih5T8nJuNZT1nNsskXpxmeqSK9UzkBl6UgRlnKc8hz8IEqOw=="],

    "oxc-parser": ["oxc-parser@0.101.0", "", { "dependencies": { "@oxc-project/types": "^0.101.0" }, "optionalDependencies": { "@oxc-parser/binding-android-arm64": "0.101.0", "@oxc-parser/binding-darwin-arm64": "0.101.0", "@oxc-parser/binding-darwin-x64": "0.101.0", "@oxc-parser/binding-freebsd-x64": "0.101.0", "@oxc-parser/binding-linux-arm-gnueabihf": "0.101.0", "@oxc-parser/binding-linux-arm64-gnu": "0.101.0", "@oxc-parser/binding-linux-arm64-musl": "0.101.0", "@oxc-parser/binding-linux-riscv64-gnu": "0.101.0", "@oxc-parser/binding-linux-s390x-gnu": "0.101.0", "@oxc-parser/binding-linux-x64-gnu": "0.101.0", "@oxc-parser/binding-linux-x64-musl": "0.101.0", "@oxc-parser/binding-openharmony-arm64": "0.101.0", "@oxc-parser/binding-wasm32-wasi": "0.101.0", "@oxc-parser/binding-win32-arm64-msvc": "0.101.0", "@oxc-parser/binding-win32-x64-msvc": "0.101.0" } }, "sha512-Njg0KoSisH57AWzKTImV0JpjUBu0riCwbMTnnSH8H/deHpJaVpcbmwsiKkSd7ViX6lxaXiOiBVZH2quWPUFtUg=="],

    "oxc-transform": ["oxc-transform@0.101.0", "", { "optionalDependencies": { "@oxc-transform/binding-android-arm64": "0.101.0", "@oxc-transform/binding-darwin-arm64": "0.101.0", "@oxc-transform/binding-darwin-x64": "0.101.0", "@oxc-transform/binding-freebsd-x64": "0.101.0", "@oxc-transform/binding-linux-arm-gnueabihf": "0.101.0", "@oxc-transform/binding-linux-arm64-gnu": "0.101.0", "@oxc-transform/binding-linux-arm64-musl": "0.101.0", "@oxc-transform/binding-linux-riscv64-gnu": "0.101.0", "@oxc-transform/binding-linux-s390x-gnu": "0.101.0", "@oxc-transform/binding-linux-x64-gnu": "0.101.0", "@oxc-transform/binding-linux-x64-musl": "0.101.0", "@oxc-transform/binding-openharmony-arm64": "0.101.0", "@oxc-transform/binding-wasm32-wasi": "0.101.0", "@oxc-transform/binding-win32-arm64-msvc": "0.101.0", "@oxc-transform/binding-win32-x64-msvc": "0.101.0" } }, "sha512-I3+aYE4dQaN/jD0NgTylF20a5IxgD4OL7gGSkQfvKQ/rGc3dFZJH5b0rkVDCELQpFzCtxaD+sPYOYhazubhNNg=="],

    "picomatch": ["picomatch@2.3.1", "", {}, "sha512-JU3teHTNjmE2VCGFzuY8EXzCDVwEqB2a8fsIvwaStHhAWJEeVd1o1QD80CU6+ZdEXXSLbSsuLwJjkCBWqRQUVA=="],

    "pure-rand": ["pure-rand@6.1.0", "", {}, "sha512-bVWawvoZoBYpp6yIoQtQXHZjmz35RSVHnUOTefl8Vcjr8snTPY1wnpSPMWekcFwbxI6gtmT7rSYPFvz71ldiOA=="],

    "source-map": ["source-map@0.6.1", "", {}, "sha512-UjgapumWlbMhkBgzT7Ykc5YXUT46F0iKu8SGXq0bcwP5dz/h0Plj6enJqjz1Zbq2l5WaqYnrVbwWOWMyF3F47g=="],

    "to-regex-range": ["to-regex-range@5.0.1", "", { "dependencies": { "is-number": "^7.0.0" } }, "sha512-65P7iz6X5yEr1cwcgvQxbbIw7Uk3gOy5dIdtZ4rDveLqhrdJP+Li/Hx6tyK0NEb+2GCyneCMJiGqrADCSNk8sQ=="],

    "toml": ["toml@3.0.0", "", {}, "sha512-y/mWCZinnvxjTKYhJ+pYxwD0mRLVvOtdS2Awbgxln6iEnt4rk0yBxeSBHkGJcPucRiG0e55mwWp+g/05rsrd6w=="],

    "tslib": ["tslib@2.8.1", "", {}, "sha512-oJFu94HQb+KVduSUQL7wnpmqnfmLsOA/nAh6b6EH0wCEoK0/mPeXU6c3wKDV83MkOuHPRHtSXKKU99IBazS/2w=="],

    "typescript": ["typescript@5.9.3", "", { "bin": { "tsc": "bin/tsc", "tsserver": "bin/tsserver" } }, "sha512-jl1vZzPDinLr9eUt3J/t7V6FgNEw9QjvBPdysz9KfQDD41fQrC2Y4vKQdiaUpFT4bXlb1RHhLpp8wtm6M5TgSw=="],

    "uglify-js": ["uglify-js@3.19.3", "", { "bin": { "uglifyjs": "bin/uglifyjs" } }, "sha512-v3Xu+yuwBXisp6QYTcH4UbH+xYJXqnq2m/LtQVWKWzYc1iehYnLixoQDN9FH6/j9/oybfd6W9Ghwkl8+UMKTKQ=="],

    "undici": ["undici@7.16.0", "", {}, "sha512-QEg3HPMll0o3t2ourKwOeUAZ159Kn9mx5pnzHRQO8+Wixmh88YdZRiIwat0iNzNNXn0yoEtXJqFpyW7eM8BV7g=="],

    "undici-types": ["undici-types@7.16.0", "", {}, "sha512-Zz+aZWSj8LE6zoxD+xrjh4VfkIG8Ya6LvYkZqtUQGJPZjYl53ypCaUwWqo7eI0x66KBGeRo+mlBEkMSeSZ38Nw=="],

    "uuid": ["uuid@11.1.0", "", { "bin": { "uuid": "dist/esm/bin/uuid" } }, "sha512-0/A9rDy9P7cJ+8w1c9WD9V//9Wj15Ce2MPz8Ri6032usz+NfePxx5AcN3bN+r6ZL6jEo066/yNYB3tn4pQEx+A=="],

    "wordwrap": ["wordwrap@1.0.0", "", {}, "sha512-gvVzJFlPycKc5dZN4yPkP8w7Dc37BtP1yczEneOb4uq34pXZcvrtRTmWV8W+Ume+XCxKgbjM+nevkyFPMybd4Q=="],

    "ws": ["ws@8.18.3", "", { "peerDependencies": { "bufferutil": "^4.0.1", "utf-8-validate": ">=5.0.2" }, "optionalPeers": ["bufferutil", "utf-8-validate"] }, "sha512-PEIGCY5tSlUt50cqyMXfCzX+oOPqN0vuGqWzbcJ2xvnkzkq46oOpz7dQaTDBdfICb4N14+GARUDw2XV2N4tvzg=="],

    "yaml": ["yaml@2.7.0", "", { "bin": { "yaml": "bin.mjs" } }, "sha512-+hSoy/QHluxmC9kCIJyL/uyFmLmc+e5CFR5Wa+bpIhIj85LVb9ZH2nVnqrHoSvKogwODv0ClqZkmiSSaIH5LTA=="],

    "@effect/cli/yaml": ["yaml@2.8.2", "", { "bin": { "yaml": "bin.mjs" } }, "sha512-mplynKqc1C2hTVYxd0PU2xQAc22TI1vShAYGksCCfxbn/dFwnHTNi1bvYsBTkhdUNtGIf5xNOg938rrSSYvS9A=="],

    "node-gyp-build-optional-packages/detect-libc": ["detect-libc@2.1.2", "", {}, "sha512-Btj2BOOO83o3WyH59e8MgXsxEQVcarkUOpEYrubB0urwnN10yQ364rsiByU11nZlqWYZm05i/of7io4mzihBtQ=="],
  }
}
